// !$*UTF8*$!
{
	archiveVersion = 1;
	classes = {
	};
	objectVersion = 50;
	objects = {

/* Begin PBXBuildFile section */
		8E033EAF225C974300C4BB48 /* AppDelegate.swift in Sources */ = {isa = PBXBuildFile; fileRef = 8E033EAE225C974300C4BB48 /* AppDelegate.swift */; };
		8E033EB1225C974300C4BB48 /* ViewController.swift in Sources */ = {isa = PBXBuildFile; fileRef = 8E033EB0225C974300C4BB48 /* ViewController.swift */; };
		8E033EB4225C974300C4BB48 /* Main.storyboard in Resources */ = {isa = PBXBuildFile; fileRef = 8E033EB2225C974300C4BB48 /* Main.storyboard */; };
		8E033EB6225C974400C4BB48 /* Assets.xcassets in Resources */ = {isa = PBXBuildFile; fileRef = 8E033EB5225C974400C4BB48 /* Assets.xcassets */; };
		8E033EB9225C974400C4BB48 /* LaunchScreen.storyboard in Resources */ = {isa = PBXBuildFile; fileRef = 8E033EB7225C974400C4BB48 /* LaunchScreen.storyboard */; };
		8E033EC1225CA9D100C4BB48 /* RealViewController.swift in Sources */ = {isa = PBXBuildFile; fileRef = 8E033EC0225CA9D100C4BB48 /* RealViewController.swift */; };
/* End PBXBuildFile section */

/* Begin PBXFileReference section */
		8E033EAB225C974300C4BB48 /* ProblemAutoLayout.app */ = {isa = PBXFileReference; explicitFileType = wrapper.application; includeInIndex = 0; path = ProblemAutoLayout.app; sourceTree = BUILT_PRODUCTS_DIR; };
		8E033EAE225C974300C4BB48 /* AppDelegate.swift */ = {isa = PBXFileReference; lastKnownFileType = sourcecode.swift; path = AppDelegate.swift; sourceTree = "<group>"; };
		8E033EB0225C974300C4BB48 /* ViewController.swift */ = {isa = PBXFileReference; lastKnownFileType = sourcecode.swift; path = ViewController.swift; sourceTree = "<group>"; };
		8E033EB3225C974300C4BB48 /* Base */ = {isa = PBXFileReference; lastKnownFileType = file.storyboard; name = Base; path = Base.lproj/Main.storyboard; sourceTree = "<group>"; };
		8E033EB5225C974400C4BB48 /* Assets.xcassets */ = {isa = PBXFileReference; lastKnownFileType = folder.assetcatalog; path = Assets.xcassets; sourceTree = "<group>"; };
		8E033EB8225C974400C4BB48 /* Base */ = {isa = PBXFileReference; lastKnownFileType = file.storyboard; name = Base; path = Base.lproj/LaunchScreen.storyboard; sourceTree = "<group>"; };
		8E033EBA225C974400C4BB48 /* Info.plist */ = {isa = PBXFileReference; lastKnownFileType = text.plist.xml; path = Info.plist; sourceTree = "<group>"; };
		8E033EC0225CA9D100C4BB48 /* RealViewController.swift */ = {isa = PBXFileReference; lastKnownFileType = sourcecode.swift; path = RealViewController.swift; sourceTree = "<group>"; };
/* End PBXFileReference section */

/* Begin PBXFrameworksBuildPhase section */
		8E033EA8225C974300C4BB48 /* Frameworks */ = {
			isa = PBXFrameworksBuildPhase;
			buildActionMask = 2147483647;
			files = (
			);
			runOnlyForDeploymentPostprocessing = 0;
		};
/* End PBXFrameworksBuildPhase section */

/* Begin PBXGroup section */
		8E033EA2225C974300C4BB48 = {
			isa = PBXGroup;
			children = (
				8E033EAD225C974300C4BB48 /* ProblemAutoLayout */,
				8E033EAC225C974300C4BB48 /* Products */,
			);
			sourceTree = "<group>";
		};
		8E033EAC225C974300C4BB48 /* Products */ = {
			isa = PBXGroup;
			children = (
				8E033EAB225C974300C4BB48 /* ProblemAutoLayout.app */,
			);
			name = Products;
			sourceTree = "<group>";
		};
		8E033EAD225C974300C4BB48 /* ProblemAutoLayout */ = {
			isa = PBXGroup;
			children = (
				8E033EAE225C974300C4BB48 /* AppDelegate.swift */,
				8E033EB0225C974300C4BB48 /* ViewController.swift */,
				8E033EC0225CA9D100C4BB48 /* RealViewController.swift */,
				8E033EB2225C974300C4BB48 /* Main.storyboard */,
				8E033EB5225C974400C4BB48 /* Assets.xcassets */,
				8E033EB7225C974400C4BB48 /* LaunchScreen.storyboard */,
				8E033EBA225C974400C4BB48 /* Info.plist */,
			);
			path = ProblemAutoLayout;
			sourceTree = "<group>";
		};
/* End PBXGroup section */

/* Begin PBXNativeTarget section */
		8E033EAA225C974300C4BB48 /* ProblemAutoLayout */ = {
			isa = PBXNativeTarget;
			buildConfigurationList = 8E033EBD225C974400C4BB48 /* Build configuration list for PBXNativeTarget "ProblemAutoLayout" */;
			buildPhases = (
				8E033EA7225C974300C4BB48 /* Sources */,
				8E033EA8225C974300C4BB48 /* Frameworks */,
				8E033EA9225C974300C4BB48 /* Resources */,
			);
			buildRules = (
			);
			dependencies = (
			);
			name = ProblemAutoLayout;
			productName = ProblemAutoLayout;
			productReference = 8E033EAB225C974300C4BB48 /* ProblemAutoLayout.app */;
			productType = "com.apple.product-type.application";
		};
/* End PBXNativeTarget section */

/* Begin PBXProject section */
		8E033EA3225C974300C4BB48 /* Project object */ = {
			isa = PBXProject;
			attributes = {
				LastSwiftUpdateCheck = 1020;
				LastUpgradeCheck = 1020;
				ORGANIZATIONNAME = "chang sic jung";
				TargetAttributes = {
					8E033EAA225C974300C4BB48 = {
						CreatedOnToolsVersion = 10.2;
					};
				};
			};
			buildConfigurationList = 8E033EA6225C974300C4BB48 /* Build configuration list for PBXProject "ProblemAutoLayout" */;
			compatibilityVersion = "Xcode 9.3";
			developmentRegion = en;
			hasScannedForEncodings = 0;
			knownRegions = (
				en,
				Base,
			);
			mainGroup = 8E033EA2225C974300C4BB48;
			productRefGroup = 8E033EAC225C974300C4BB48 /* Products */;
			projectDirPath = "";
			projectRoot = "";
			targets = (
				8E033EAA225C974300C4BB48 /* ProblemAutoLayout */,
			);
		};
/* End PBXProject section */

/* Begin PBXResourcesBuildPhase section */
		8E033EA9225C974300C4BB48 /* Resources */ = {
			isa = PBXResourcesBuildPhase;
			buildActionMask = 2147483647;
			files = (
				8E033EB9225C974400C4BB48 /* LaunchScreen.storyboard in Resources */,
				8E033EB6225C974400C4BB48 /* Assets.xcassets in Resources */,
				8E033EB4225C974300C4BB48 /* Main.storyboard in Resources */,
			);
			runOnlyForDeploymentPostprocessing = 0;
		};
/* End PBXResourcesBuildPhase section */

/* Begin PBXSourcesBuildPhase section */
		8E033EA7225C974300C4BB48 /* Sources */ = {
			isa = PBXSourcesBuildPhase;
			buildActionMask = 2147483647;
			files = (
				8E033EB1225C974300C4BB48 /* ViewController.swift in Sources */,
				8E033EAF225C974300C4BB48 /* AppDelegate.swift in Sources */,
				8E033EC1225CA9D100C4BB48 /* RealViewController.swift in Sources */,
			);
			runOnlyForDeploymentPostprocessing = 0;
		};
/* End PBXSourcesBuildPhase section */

/* Begin PBXVariantGroup section */
		8E033EB2225C974300C4BB48 /* Main.storyboard */ = {
			isa = PBXVariantGroup;
			children = (
				8E033EB3225C974300C4BB48 /* Base */,
			);
			name = Main.storyboard;
			sourceTree = "<group>";
		};
		8E033EB7225C974400C4BB48 /* LaunchScreen.storyboard */ = {
			isa = PBXVariantGroup;
			children = (
				8E033EB8225C974400C4BB48 /* Base */,
			);
			name = LaunchScreen.storyboard;
			sourceTree = "<group>";
		};
/* End PBXVariantGroup section */

/* Begin XCBuildConfiguration section */
		8E033EBB225C974400C4BB48 /* Debug */ = {
			isa = XCBuildConfiguration;
			buildSettings = {
				ALWAYS_SEARCH_USER_PATHS = NO;
				CLANG_ANALYZER_NONNULL = YES;
				CLANG_ANALYZER_NUMBER_OBJECT_CONVERSION = YES_AGGRESSIVE;
				CLANG_CXX_LANGUAGE_STANDARD = "gnu++14";
				CLANG_CXX_LIBRARY = "libc++";
				CLANG_ENABLE_MODULES = YES;
				CLANG_ENABLE_OBJC_ARC = YES;
				CLANG_ENABLE_OBJC_WEAK = YES;
				CLANG_WARN_BLOCK_CAPTURE_AUTORELEASING = YES;
				CLANG_WARN_BOOL_CONVERSION = YES;
				CLANG_WARN_COMMA = YES;
				CLANG_WARN_CONSTANT_CONVERSION = YES;
				CLANG_WARN_DEPRECATED_OBJC_IMPLEMENTATIONS = YES;
				CLANG_WARN_DIRECT_OBJC_ISA_USAGE = YES_ERROR;
				CLANG_WARN_DOCUMENTATION_COMMENTS = YES;
				CLANG_WARN_EMPTY_BODY = YES;
				CLANG_WARN_ENUM_CONVERSION = YES;
				CLANG_WARN_INFINITE_RECURSION = YES;
				CLANG_WARN_INT_CONVERSION = YES;
				CLANG_WARN_NON_LITERAL_NULL_CONVERSION = YES;
				CLANG_WARN_OBJC_IMPLICIT_RETAIN_SELF = YES;
				CLANG_WARN_OBJC_LITERAL_CONVERSION = YES;
				CLANG_WARN_OBJC_ROOT_CLASS = YES_ERROR;
				CLANG_WARN_RANGE_LOOP_ANALYSIS = YES;
				CLANG_WARN_STRICT_PROTOTYPES = YES;
				CLANG_WARN_SUSPICIOUS_MOVE = YES;
				CLANG_WARN_UNGUARDED_AVAILABILITY = YES_AGGRESSIVE;
				CLANG_WARN_UNREACHABLE_CODE = YES;
				CLANG_WARN__DUPLICATE_METHOD_MATCH = YES;
				CODE_SIGN_IDENTITY = "iPhone Developer";
				COPY_PHASE_STRIP = NO;
				DEBUG_INFORMATION_FORMAT = dwarf;
				ENABLE_STRICT_OBJC_MSGSEND = YES;
				ENABLE_TESTABILITY = YES;
				GCC_C_LANGUAGE_STANDARD = gnu11;
				GCC_DYNAMIC_NO_PIC = NO;
				GCC_NO_COMMON_BLOCKS = YES;
				GCC_OPTIMIZATION_LEVEL = 0;
				GCC_PREPROCESSOR_DEFINITIONS = (
					"DEBUG=1",
					"$(inherited)",
				);
				GCC_WARN_64_TO_32_BIT_CONVERSION = YES;
				GCC_WARN_ABOUT_RETURN_TYPE = YES_ERROR;
				GCC_WARN_UNDECLARED_SELECTOR = YES;
				GCC_WARN_UNINITIALIZED_AUTOS = YES_AGGRESSIVE;
				GCC_WARN_UNUSED_FUNCTION = YES;
				GCC_WARN_UNUSED_VARIABLE = YES;
				IPHONEOS_DEPLOYMENT_TARGET = 12.2;
				MTL_ENABLE_DEBUG_INFO = INCLUDE_SOURCE;
				MTL_FAST_MATH = YES;
				ONLY_ACTIVE_ARCH = YES;
				SDKROOT = iphoneos;
				SWIFT_ACTIVE_COMPILATION_CONDITIONS = DEBUG;
				SWIFT_OPTIMIZATION_LEVEL = "-Onone";
			};
			name = Debug;
		};
		8E033EBC225C974400C4BB48 /* Release */ = {
			isa = XCBuildConfiguration;
			buildSettings = {
				ALWAYS_SEARCH_USER_PATHS = NO;
				CLANG_ANALYZER_NONNULL = YES;
				CLANG_ANALYZER_NUMBER_OBJECT_CONVERSION = YES_AGGRESSIVE;
				CLANG_CXX_LANGUAGE_STANDARD = "gnu++14";
				CLANG_CXX_LIBRARY = "libc++";
				CLANG_ENABLE_MODULES = YES;
				CLANG_ENABLE_OBJC_ARC = YES;
				CLANG_ENABLE_OBJC_WEAK = YES;
				CLANG_WARN_BLOCK_CAPTURE_AUTORELEASING = YES;
				CLANG_WARN_BOOL_CONVERSION = YES;
				CLANG_WARN_COMMA = YES;
				CLANG_WARN_CONSTANT_CONVERSION = YES;
				CLANG_WARN_DEPRECATED_OBJC_IMPLEMENTATIONS = YES;
				CLANG_WARN_DIRECT_OBJC_ISA_USAGE = YES_ERROR;
				CLANG_WARN_DOCUMENTATION_COMMENTS = YES;
				CLANG_WARN_EMPTY_BODY = YES;
				CLANG_WARN_ENUM_CONVERSION = YES;
				CLANG_WARN_INFINITE_RECURSION = YES;
				CLANG_WARN_INT_CONVERSION = YES;
				CLANG_WARN_NON_LITERAL_NULL_CONVERSION = YES;
				CLANG_WARN_OBJC_IMPLICIT_RETAIN_SELF = YES;
				CLANG_WARN_OBJC_LITERAL_CONVERSION = YES;
				CLANG_WARN_OBJC_ROOT_CLASS = YES_ERROR;
				CLANG_WARN_RANGE_LOOP_ANALYSIS = YES;
				CLANG_WARN_STRICT_PROTOTYPES = YES;
				CLANG_WARN_SUSPICIOUS_MOVE = YES;
				CLANG_WARN_UNGUARDED_AVAILABILITY = YES_AGGRESSIVE;
				CLANG_WARN_UNREACHABLE_CODE = YES;
				CLANG_WARN__DUPLICATE_METHOD_MATCH = YES;
				CODE_SIGN_IDENTITY = "iPhone Developer";
				COPY_PHASE_STRIP = NO;
				DEBUG_INFORMATION_FORMAT = "dwarf-with-dsym";
				ENABLE_NS_ASSERTIONS = NO;
				ENABLE_STRICT_OBJC_MSGSEND = YES;
				GCC_C_LANGUAGE_STANDARD = gnu11;
				GCC_NO_COMMON_BLOCKS = YES;
				GCC_WARN_64_TO_32_BIT_CONVERSION = YES;
				GCC_WARN_ABOUT_RETURN_TYPE = YES_ERROR;
				GCC_WARN_UNDECLARED_SELECTOR = YES;
				GCC_WARN_UNINITIALIZED_AUTOS = YES_AGGRESSIVE;
				GCC_WARN_UNUSED_FUNCTION = YES;
				GCC_WARN_UNUSED_VARIABLE = YES;
				IPHONEOS_DEPLOYMENT_TARGET = 12.2;
				MTL_ENABLE_DEBUG_INFO = NO;
				MTL_FAST_MATH = YES;
				SDKROOT = iphoneos;
				SWIFT_COMPILATION_MODE = wholemodule;
				SWIFT_OPTIMIZATION_LEVEL = "-O";
				VALIDATE_PRODUCT = YES;
			};
			name = Release;
		};
		8E033EBE225C974400C4BB48 /* Debug */ = {
			isa = XCBuildConfiguration;
			buildSettings = {
				ASSETCATALOG_COMPILER_APPICON_NAME = AppIcon;
				CODE_SIGN_STYLE = Automatic;
				DEVELOPMENT_TEAM = KH53J489YG;
				INFOPLIST_FILE = ProblemAutoLayout/Info.plist;
				LD_RUNPATH_SEARCH_PATHS = (
					"$(inherited)",
					"@executable_path/Frameworks",
				);
				PRODUCT_BUNDLE_IDENTIFIER = iosSchool.ProblemAutoLayout;
				PRODUCT_NAME = "$(TARGET_NAME)";
				SWIFT_VERSION = 5.0;
				TARGETED_DEVICE_FAMILY = "1,2";
			};
			name = Debug;
		};
		8E033EBF225C974400C4BB48 /* Release */ = {
			isa = XCBuildConfiguration;
			buildSettings = {
				ASSETCATALOG_COMPILER_APPICON_NAME = AppIcon;
				CODE_SIGN_STYLE = Automatic;
				DEVELOPMENT_TEAM = KH53J489YG;
				INFOPLIST_FILE = ProblemAutoLayout/Info.plist;
				LD_RUNPATH_SEARCH_PATHS = (
					"$(inherited)",
					"@executable_path/Frameworks",
				);
				PRODUCT_BUNDLE_IDENTIFIER = iosSchool.ProblemAutoLayout;
				PRODUCT_NAME = "$(TARGET_NAME)";
				SWIFT_VERSION = 5.0;
				TARGETED_DEVICE_FAMILY = "1,2";
			};
			name = Release;
		};
/* End XCBuildConfiguration section */

/* Begin XCConfigurationList section */
		8E033EA6225C974300C4BB48 /* Build configuration list for PBXProject "ProblemAutoLayout" */ = {
			isa = XCConfigurationList;
			buildConfigurations = (
				8E033EBB225C974400C4BB48 /* Debug */,
				8E033EBC225C974400C4BB48 /* Release */,
			);
			defaultConfigurationIsVisible = 0;
			defaultConfigurationName = Release;
		};
		8E033EBD225C974400C4BB48 /* Build configuration list for PBXNativeTarget "ProblemAutoLayout" */ = {
			isa = XCConfigurationList;
			buildConfigurations = (
				8E033EBE225C974400C4BB48 /* Debug */,
				8E033EBF225C974400C4BB48 /* Release */,
			);
			defaultConfigurationIsVisible = 0;
			defaultConfigurationName = Release;
		};
/* End XCConfigurationList section */
	};
	rootObject = 8E033EA3225C974300C4BB48 /* Project object */;
}
