// !$*UTF8*$!
{
	archiveVersion = 1;
	classes = {
	};
	objectVersion = 50;
	objects = {

/* Begin PBXBuildFile section */
		52B52570225E0BCC00E3CDD4 /* AppDelegate.swift in Sources */ = {isa = PBXBuildFile; fileRef = 52B5256F225E0BCC00E3CDD4 /* AppDelegate.swift */; };
		52B52575225E0BCC00E3CDD4 /* Main.storyboard in Resources */ = {isa = PBXBuildFile; fileRef = 52B52573225E0BCC00E3CDD4 /* Main.storyboard */; };
		52B52577225E0BCE00E3CDD4 /* Assets.xcassets in Resources */ = {isa = PBXBuildFile; fileRef = 52B52576225E0BCE00E3CDD4 /* Assets.xcassets */; };
		52B5257A225E0BCE00E3CDD4 /* LaunchScreen.storyboard in Resources */ = {isa = PBXBuildFile; fileRef = 52B52578225E0BCE00E3CDD4 /* LaunchScreen.storyboard */; };
		52B52582225E0C4A00E3CDD4 /* ListViewController.swift in Sources */ = {isa = PBXBuildFile; fileRef = 52B52581225E0C4A00E3CDD4 /* ListViewController.swift */; };
		52B52584225E0C9600E3CDD4 /* TableViewNumbers.swift in Sources */ = {isa = PBXBuildFile; fileRef = 52B52583225E0C9600E3CDD4 /* TableViewNumbers.swift */; };
		52B52586225E0CA300E3CDD4 /* TableViewSection.swift in Sources */ = {isa = PBXBuildFile; fileRef = 52B52585225E0CA300E3CDD4 /* TableViewSection.swift */; };
		52B52588225E0CAD00E3CDD4 /* TableViewRefresh.swift in Sources */ = {isa = PBXBuildFile; fileRef = 52B52587225E0CAD00E3CDD4 /* TableViewRefresh.swift */; };
		52B5258A225E0CB700E3CDD4 /* TableViewMultipleSelection.swift in Sources */ = {isa = PBXBuildFile; fileRef = 52B52589225E0CB700E3CDD4 /* TableViewMultipleSelection.swift */; };
		52B5258C225E0CC000E3CDD4 /* TableViewAccessoryType.swift in Sources */ = {isa = PBXBuildFile; fileRef = 52B5258B225E0CC000E3CDD4 /* TableViewAccessoryType.swift */; };
		8E0068472264374400049808 /* CustomCell.swift in Sources */ = {isa = PBXBuildFile; fileRef = 8E0068462264374400049808 /* CustomCell.swift */; };
/* End PBXBuildFile section */

/* Begin PBXFileReference section */
		52B5256C225E0BCC00E3CDD4 /* TableViewPractice.app */ = {isa = PBXFileReference; explicitFileType = wrapper.application; includeInIndex = 0; path = TableViewPractice.app; sourceTree = BUILT_PRODUCTS_DIR; };
		52B5256F225E0BCC00E3CDD4 /* AppDelegate.swift */ = {isa = PBXFileReference; lastKnownFileType = sourcecode.swift; path = AppDelegate.swift; sourceTree = "<group>"; };
		52B52574225E0BCC00E3CDD4 /* Base */ = {isa = PBXFileReference; lastKnownFileType = file.storyboard; name = Base; path = Base.lproj/Main.storyboard; sourceTree = "<group>"; };
		52B52576225E0BCE00E3CDD4 /* Assets.xcassets */ = {isa = PBXFileReference; lastKnownFileType = folder.assetcatalog; path = Assets.xcassets; sourceTree = "<group>"; };
		52B52579225E0BCE00E3CDD4 /* Base */ = {isa = PBXFileReference; lastKnownFileType = file.storyboard; name = Base; path = Base.lproj/LaunchScreen.storyboard; sourceTree = "<group>"; };
		52B5257B225E0BCE00E3CDD4 /* Info.plist */ = {isa = PBXFileReference; lastKnownFileType = text.plist.xml; path = Info.plist; sourceTree = "<group>"; };
		52B52581225E0C4A00E3CDD4 /* ListViewController.swift */ = {isa = PBXFileReference; lastKnownFileType = sourcecode.swift; path = ListViewController.swift; sourceTree = "<group>"; };
		52B52583225E0C9600E3CDD4 /* TableViewNumbers.swift */ = {isa = PBXFileReference; lastKnownFileType = sourcecode.swift; path = TableViewNumbers.swift; sourceTree = "<group>"; };
		52B52585225E0CA300E3CDD4 /* TableViewSection.swift */ = {isa = PBXFileReference; lastKnownFileType = sourcecode.swift; path = TableViewSection.swift; sourceTree = "<group>"; };
		52B52587225E0CAD00E3CDD4 /* TableViewRefresh.swift */ = {isa = PBXFileReference; lastKnownFileType = sourcecode.swift; path = TableViewRefresh.swift; sourceTree = "<group>"; };
		52B52589225E0CB700E3CDD4 /* TableViewMultipleSelection.swift */ = {isa = PBXFileReference; lastKnownFileType = sourcecode.swift; path = TableViewMultipleSelection.swift; sourceTree = "<group>"; };
		52B5258B225E0CC000E3CDD4 /* TableViewAccessoryType.swift */ = {isa = PBXFileReference; lastKnownFileType = sourcecode.swift; path = TableViewAccessoryType.swift; sourceTree = "<group>"; };
		8E0068462264374400049808 /* CustomCell.swift */ = {isa = PBXFileReference; lastKnownFileType = sourcecode.swift; path = CustomCell.swift; sourceTree = "<group>"; };
/* End PBXFileReference section */

/* Begin PBXFrameworksBuildPhase section */
		52B52569225E0BCC00E3CDD4 /* Frameworks */ = {
			isa = PBXFrameworksBuildPhase;
			buildActionMask = 2147483647;
			files = (
			);
			runOnlyForDeploymentPostprocessing = 0;
		};
/* End PBXFrameworksBuildPhase section */

/* Begin PBXGroup section */
		52B52563225E0BCC00E3CDD4 = {
			isa = PBXGroup;
			children = (
				52B5256E225E0BCC00E3CDD4 /* TableViewPractice */,
				52B5256D225E0BCC00E3CDD4 /* Products */,
			);
			sourceTree = "<group>";
		};
		52B5256D225E0BCC00E3CDD4 /* Products */ = {
			isa = PBXGroup;
			children = (
				52B5256C225E0BCC00E3CDD4 /* TableViewPractice.app */,
			);
			name = Products;
			sourceTree = "<group>";
		};
		52B5256E225E0BCC00E3CDD4 /* TableViewPractice */ = {
			isa = PBXGroup;
			children = (
				52B5256F225E0BCC00E3CDD4 /* AppDelegate.swift */,
				52B52581225E0C4A00E3CDD4 /* ListViewController.swift */,
				52B52583225E0C9600E3CDD4 /* TableViewNumbers.swift */,
				52B52585225E0CA300E3CDD4 /* TableViewSection.swift */,
				52B52587225E0CAD00E3CDD4 /* TableViewRefresh.swift */,
				52B52589225E0CB700E3CDD4 /* TableViewMultipleSelection.swift */,
				52B5258B225E0CC000E3CDD4 /* TableViewAccessoryType.swift */,
				8E0068462264374400049808 /* CustomCell.swift */,
				52B52573225E0BCC00E3CDD4 /* Main.storyboard */,
				52B52576225E0BCE00E3CDD4 /* Assets.xcassets */,
				52B52578225E0BCE00E3CDD4 /* LaunchScreen.storyboard */,
				52B5257B225E0BCE00E3CDD4 /* Info.plist */,
			);
			path = TableViewPractice;
			sourceTree = "<group>";
		};
/* End PBXGroup section */

/* Begin PBXNativeTarget section */
		52B5256B225E0BCC00E3CDD4 /* TableViewPractice */ = {
			isa = PBXNativeTarget;
			buildConfigurationList = 52B5257E225E0BCE00E3CDD4 /* Build configuration list for PBXNativeTarget "TableViewPractice" */;
			buildPhases = (
				52B52568225E0BCC00E3CDD4 /* Sources */,
				52B52569225E0BCC00E3CDD4 /* Frameworks */,
				52B5256A225E0BCC00E3CDD4 /* Resources */,
			);
			buildRules = (
			);
			dependencies = (
			);
			name = TableViewPractice;
			productName = TableViewPractice;
			productReference = 52B5256C225E0BCC00E3CDD4 /* TableViewPractice.app */;
			productType = "com.apple.product-type.application";
		};
/* End PBXNativeTarget section */

/* Begin PBXProject section */
		52B52564225E0BCC00E3CDD4 /* Project object */ = {
			isa = PBXProject;
			attributes = {
				LastSwiftUpdateCheck = 1020;
				LastUpgradeCheck = 1020;
				ORGANIZATIONNAME = giftbot;
				TargetAttributes = {
					52B5256B225E0BCC00E3CDD4 = {
						CreatedOnToolsVersion = 10.2;
					};
				};
			};
			buildConfigurationList = 52B52567225E0BCC00E3CDD4 /* Build configuration list for PBXProject "TableViewPractice" */;
			compatibilityVersion = "Xcode 9.3";
			developmentRegion = en;
			hasScannedForEncodings = 0;
			knownRegions = (
				en,
				Base,
			);
			mainGroup = 52B52563225E0BCC00E3CDD4;
			productRefGroup = 52B5256D225E0BCC00E3CDD4 /* Products */;
			projectDirPath = "";
			projectRoot = "";
			targets = (
				52B5256B225E0BCC00E3CDD4 /* TableViewPractice */,
			);
		};
/* End PBXProject section */

/* Begin PBXResourcesBuildPhase section */
		52B5256A225E0BCC00E3CDD4 /* Resources */ = {
			isa = PBXResourcesBuildPhase;
			buildActionMask = 2147483647;
			files = (
				52B5257A225E0BCE00E3CDD4 /* LaunchScreen.storyboard in Resources */,
				52B52577225E0BCE00E3CDD4 /* Assets.xcassets in Resources */,
				52B52575225E0BCC00E3CDD4 /* Main.storyboard in Resources */,
			);
			runOnlyForDeploymentPostprocessing = 0;
		};
/* End PBXResourcesBuildPhase section */

/* Begin PBXSourcesBuildPhase section */
		52B52568225E0BCC00E3CDD4 /* Sources */ = {
			isa = PBXSourcesBuildPhase;
			buildActionMask = 2147483647;
			files = (
				52B5258C225E0CC000E3CDD4 /* TableViewAccessoryType.swift in Sources */,
				52B52584225E0C9600E3CDD4 /* TableViewNumbers.swift in Sources */,
				52B5258A225E0CB700E3CDD4 /* TableViewMultipleSelection.swift in Sources */,
				52B52570225E0BCC00E3CDD4 /* AppDelegate.swift in Sources */,
				52B52588225E0CAD00E3CDD4 /* TableViewRefresh.swift in Sources */,
				52B52586225E0CA300E3CDD4 /* TableViewSection.swift in Sources */,
				8E0068472264374400049808 /* CustomCell.swift in Sources */,
				52B52582225E0C4A00E3CDD4 /* ListViewController.swift in Sources */,
			);
			runOnlyForDeploymentPostprocessing = 0;
		};
/* End PBXSourcesBuildPhase section */

/* Begin PBXVariantGroup section */
		52B52573225E0BCC00E3CDD4 /* Main.storyboard */ = {
			isa = PBXVariantGroup;
			children = (
				52B52574225E0BCC00E3CDD4 /* Base */,
			);
			name = Main.storyboard;
			sourceTree = "<group>";
		};
		52B52578225E0BCE00E3CDD4 /* LaunchScreen.storyboard */ = {
			isa = PBXVariantGroup;
			children = (
				52B52579225E0BCE00E3CDD4 /* Base */,
			);
			name = LaunchScreen.storyboard;
			sourceTree = "<group>";
		};
/* End PBXVariantGroup section */

/* Begin XCBuildConfiguration section */
		52B5257C225E0BCE00E3CDD4 /* Debug */ = {
			isa = XCBuildConfiguration;
			buildSettings = {
				ALWAYS_SEARCH_USER_PATHS = NO;
				CLANG_ANALYZER_NONNULL = YES;
				CLANG_ANALYZER_NUMBER_OBJECT_CONVERSION = YES_AGGRESSIVE;
				CLANG_CXX_LANGUAGE_STANDARD = "gnu++14";
				CLANG_CXX_LIBRARY = "libc++";
				CLANG_ENABLE_MODULES = YES;
				CLANG_ENABLE_OBJC_ARC = YES;
				CLANG_ENABLE_OBJC_WEAK = YES;
				CLANG_WARN_BLOCK_CAPTURE_AUTORELEASING = YES;
				CLANG_WARN_BOOL_CONVERSION = YES;
				CLANG_WARN_COMMA = YES;
				CLANG_WARN_CONSTANT_CONVERSION = YES;
				CLANG_WARN_DEPRECATED_OBJC_IMPLEMENTATIONS = YES;
				CLANG_WARN_DIRECT_OBJC_ISA_USAGE = YES_ERROR;
				CLANG_WARN_DOCUMENTATION_COMMENTS = YES;
				CLANG_WARN_EMPTY_BODY = YES;
				CLANG_WARN_ENUM_CONVERSION = YES;
				CLANG_WARN_INFINITE_RECURSION = YES;
				CLANG_WARN_INT_CONVERSION = YES;
				CLANG_WARN_NON_LITERAL_NULL_CONVERSION = YES;
				CLANG_WARN_OBJC_IMPLICIT_RETAIN_SELF = YES;
				CLANG_WARN_OBJC_LITERAL_CONVERSION = YES;
				CLANG_WARN_OBJC_ROOT_CLASS = YES_ERROR;
				CLANG_WARN_RANGE_LOOP_ANALYSIS = YES;
				CLANG_WARN_STRICT_PROTOTYPES = YES;
				CLANG_WARN_SUSPICIOUS_MOVE = YES;
				CLANG_WARN_UNGUARDED_AVAILABILITY = YES_AGGRESSIVE;
				CLANG_WARN_UNREACHABLE_CODE = YES;
				CLANG_WARN__DUPLICATE_METHOD_MATCH = YES;
				CODE_SIGN_IDENTITY = "iPhone Developer";
				COPY_PHASE_STRIP = NO;
				DEBUG_INFORMATION_FORMAT = dwarf;
				ENABLE_STRICT_OBJC_MSGSEND = YES;
				ENABLE_TESTABILITY = YES;
				GCC_C_LANGUAGE_STANDARD = gnu11;
				GCC_DYNAMIC_NO_PIC = NO;
				GCC_NO_COMMON_BLOCKS = YES;
				GCC_OPTIMIZATION_LEVEL = 0;
				GCC_PREPROCESSOR_DEFINITIONS = (
					"DEBUG=1",
					"$(inherited)",
				);
				GCC_WARN_64_TO_32_BIT_CONVERSION = YES;
				GCC_WARN_ABOUT_RETURN_TYPE = YES_ERROR;
				GCC_WARN_UNDECLARED_SELECTOR = YES;
				GCC_WARN_UNINITIALIZED_AUTOS = YES_AGGRESSIVE;
				GCC_WARN_UNUSED_FUNCTION = YES;
				GCC_WARN_UNUSED_VARIABLE = YES;
				IPHONEOS_DEPLOYMENT_TARGET = 12.2;
				MTL_ENABLE_DEBUG_INFO = INCLUDE_SOURCE;
				MTL_FAST_MATH = YES;
				ONLY_ACTIVE_ARCH = YES;
				SDKROOT = iphoneos;
				SWIFT_ACTIVE_COMPILATION_CONDITIONS = DEBUG;
				SWIFT_OPTIMIZATION_LEVEL = "-Onone";
			};
			name = Debug;
		};
		52B5257D225E0BCE00E3CDD4 /* Release */ = {
			isa = XCBuildConfiguration;
			buildSettings = {
				ALWAYS_SEARCH_USER_PATHS = NO;
				CLANG_ANALYZER_NONNULL = YES;
				CLANG_ANALYZER_NUMBER_OBJECT_CONVERSION = YES_AGGRESSIVE;
				CLANG_CXX_LANGUAGE_STANDARD = "gnu++14";
				CLANG_CXX_LIBRARY = "libc++";
				CLANG_ENABLE_MODULES = YES;
				CLANG_ENABLE_OBJC_ARC = YES;
				CLANG_ENABLE_OBJC_WEAK = YES;
				CLANG_WARN_BLOCK_CAPTURE_AUTORELEASING = YES;
				CLANG_WARN_BOOL_CONVERSION = YES;
				CLANG_WARN_COMMA = YES;
				CLANG_WARN_CONSTANT_CONVERSION = YES;
				CLANG_WARN_DEPRECATED_OBJC_IMPLEMENTATIONS = YES;
				CLANG_WARN_DIRECT_OBJC_ISA_USAGE = YES_ERROR;
				CLANG_WARN_DOCUMENTATION_COMMENTS = YES;
				CLANG_WARN_EMPTY_BODY = YES;
				CLANG_WARN_ENUM_CONVERSION = YES;
				CLANG_WARN_INFINITE_RECURSION = YES;
				CLANG_WARN_INT_CONVERSION = YES;
				CLANG_WARN_NON_LITERAL_NULL_CONVERSION = YES;
				CLANG_WARN_OBJC_IMPLICIT_RETAIN_SELF = YES;
				CLANG_WARN_OBJC_LITERAL_CONVERSION = YES;
				CLANG_WARN_OBJC_ROOT_CLASS = YES_ERROR;
				CLANG_WARN_RANGE_LOOP_ANALYSIS = YES;
				CLANG_WARN_STRICT_PROTOTYPES = YES;
				CLANG_WARN_SUSPICIOUS_MOVE = YES;
				CLANG_WARN_UNGUARDED_AVAILABILITY = YES_AGGRESSIVE;
				CLANG_WARN_UNREACHABLE_CODE = YES;
				CLANG_WARN__DUPLICATE_METHOD_MATCH = YES;
				CODE_SIGN_IDENTITY = "iPhone Developer";
				COPY_PHASE_STRIP = NO;
				DEBUG_INFORMATION_FORMAT = "dwarf-with-dsym";
				ENABLE_NS_ASSERTIONS = NO;
				ENABLE_STRICT_OBJC_MSGSEND = YES;
				GCC_C_LANGUAGE_STANDARD = gnu11;
				GCC_NO_COMMON_BLOCKS = YES;
				GCC_WARN_64_TO_32_BIT_CONVERSION = YES;
				GCC_WARN_ABOUT_RETURN_TYPE = YES_ERROR;
				GCC_WARN_UNDECLARED_SELECTOR = YES;
				GCC_WARN_UNINITIALIZED_AUTOS = YES_AGGRESSIVE;
				GCC_WARN_UNUSED_FUNCTION = YES;
				GCC_WARN_UNUSED_VARIABLE = YES;
				IPHONEOS_DEPLOYMENT_TARGET = 12.2;
				MTL_ENABLE_DEBUG_INFO = NO;
				MTL_FAST_MATH = YES;
				SDKROOT = iphoneos;
				SWIFT_COMPILATION_MODE = wholemodule;
				SWIFT_OPTIMIZATION_LEVEL = "-O";
				VALIDATE_PRODUCT = YES;
			};
			name = Release;
		};
		52B5257F225E0BCE00E3CDD4 /* Debug */ = {
			isa = XCBuildConfiguration;
			buildSettings = {
				ASSETCATALOG_COMPILER_APPICON_NAME = AppIcon;
				CODE_SIGN_STYLE = Automatic;
				INFOPLIST_FILE = TableViewPractice/Info.plist;
				LD_RUNPATH_SEARCH_PATHS = (
					"$(inherited)",
					"@executable_path/Frameworks",
				);
				PRODUCT_BUNDLE_IDENTIFIER = kr.giftbot.example.TableViewPractice;
				PRODUCT_NAME = "$(TARGET_NAME)";
				SWIFT_VERSION = 5.0;
				TARGETED_DEVICE_FAMILY = "1,2";
			};
			name = Debug;
		};
		52B52580225E0BCE00E3CDD4 /* Release */ = {
			isa = XCBuildConfiguration;
			buildSettings = {
				ASSETCATALOG_COMPILER_APPICON_NAME = AppIcon;
				CODE_SIGN_STYLE = Automatic;
				INFOPLIST_FILE = TableViewPractice/Info.plist;
				LD_RUNPATH_SEARCH_PATHS = (
					"$(inherited)",
					"@executable_path/Frameworks",
				);
				PRODUCT_BUNDLE_IDENTIFIER = kr.giftbot.example.TableViewPractice;
				PRODUCT_NAME = "$(TARGET_NAME)";
				SWIFT_VERSION = 5.0;
				TARGETED_DEVICE_FAMILY = "1,2";
			};
			name = Release;
		};
/* End XCBuildConfiguration section */

/* Begin XCConfigurationList section */
		52B52567225E0BCC00E3CDD4 /* Build configuration list for PBXProject "TableViewPractice" */ = {
			isa = XCConfigurationList;
			buildConfigurations = (
				52B5257C225E0BCE00E3CDD4 /* Debug */,
				52B5257D225E0BCE00E3CDD4 /* Release */,
			);
			defaultConfigurationIsVisible = 0;
			defaultConfigurationName = Release;
		};
		52B5257E225E0BCE00E3CDD4 /* Build configuration list for PBXNativeTarget "TableViewPractice" */ = {
			isa = XCConfigurationList;
			buildConfigurations = (
				52B5257F225E0BCE00E3CDD4 /* Debug */,
				52B52580225E0BCE00E3CDD4 /* Release */,
			);
			defaultConfigurationIsVisible = 0;
			defaultConfigurationName = Release;
		};
/* End XCConfigurationList section */
	};
	rootObject = 52B52564225E0BCC00E3CDD4 /* Project object */;
}
