// !$*UTF8*$!
{
	archiveVersion = 1;
	classes = {
	};
	objectVersion = 50;
	objects = {

/* Begin PBXBuildFile section */
		8E20FFA822B9FC0E00AD02FE /* AppDelegate.swift in Sources */ = {isa = PBXBuildFile; fileRef = 8E20FFA722B9FC0E00AD02FE /* AppDelegate.swift */; };
		8E20FFAF22B9FC1300AD02FE /* Assets.xcassets in Resources */ = {isa = PBXBuildFile; fileRef = 8E20FFAE22B9FC1300AD02FE /* Assets.xcassets */; };
		8E20FFB222B9FC1300AD02FE /* LaunchScreen.storyboard in Resources */ = {isa = PBXBuildFile; fileRef = 8E20FFB022B9FC1300AD02FE /* LaunchScreen.storyboard */; };
		8E20FFBA22B9FC8200AD02FE /* CustomTabBarViewController.swift in Sources */ = {isa = PBXBuildFile; fileRef = 8E20FFB922B9FC8200AD02FE /* CustomTabBarViewController.swift */; };
		8E20FFBF22B9FD4000AD02FE /* MenuBarView.swift in Sources */ = {isa = PBXBuildFile; fileRef = 8E20FFBE22B9FD4000AD02FE /* MenuBarView.swift */; };
		8E20FFC122B9FFA900AD02FE /* UIViewExtension.swift in Sources */ = {isa = PBXBuildFile; fileRef = 8E20FFC022B9FFA900AD02FE /* UIViewExtension.swift */; };
		8E20FFC322BA01BC00AD02FE /* MenuCell.swift in Sources */ = {isa = PBXBuildFile; fileRef = 8E20FFC222BA01BC00AD02FE /* MenuCell.swift */; };
		8E20FFC522BA02BF00AD02FE /* Identifiable.swift in Sources */ = {isa = PBXBuildFile; fileRef = 8E20FFC422BA02BF00AD02FE /* Identifiable.swift */; };
		8E20FFC722BA02CE00AD02FE /* Logger.swift in Sources */ = {isa = PBXBuildFile; fileRef = 8E20FFC622BA02CD00AD02FE /* Logger.swift */; };
		8E20FFC922BA109D00AD02FE /* Protocol.swift in Sources */ = {isa = PBXBuildFile; fileRef = 8E20FFC822BA109D00AD02FE /* Protocol.swift */; };
		8E20FFCB22BA1A0000AD02FE /* MenuView.swift in Sources */ = {isa = PBXBuildFile; fileRef = 8E20FFCA22BA1A0000AD02FE /* MenuView.swift */; };
		8E20FFCD22BA3A8900AD02FE /* CollectionViewExtensions.swift in Sources */ = {isa = PBXBuildFile; fileRef = 8E20FFCC22BA3A8900AD02FE /* CollectionViewExtensions.swift */; };
/* End PBXBuildFile section */

/* Begin PBXFileReference section */
		8E20FFA422B9FC0E00AD02FE /* CustomCollectionView(like_TabBar).app */ = {isa = PBXFileReference; explicitFileType = wrapper.application; includeInIndex = 0; path = "CustomCollectionView(like_TabBar).app"; sourceTree = BUILT_PRODUCTS_DIR; };
		8E20FFA722B9FC0E00AD02FE /* AppDelegate.swift */ = {isa = PBXFileReference; lastKnownFileType = sourcecode.swift; path = AppDelegate.swift; sourceTree = "<group>"; };
		8E20FFAE22B9FC1300AD02FE /* Assets.xcassets */ = {isa = PBXFileReference; lastKnownFileType = folder.assetcatalog; path = Assets.xcassets; sourceTree = "<group>"; };
		8E20FFB122B9FC1300AD02FE /* Base */ = {isa = PBXFileReference; lastKnownFileType = file.storyboard; name = Base; path = Base.lproj/LaunchScreen.storyboard; sourceTree = "<group>"; };
		8E20FFB322B9FC1300AD02FE /* Info.plist */ = {isa = PBXFileReference; lastKnownFileType = text.plist.xml; path = Info.plist; sourceTree = "<group>"; };
		8E20FFB922B9FC8200AD02FE /* CustomTabBarViewController.swift */ = {isa = PBXFileReference; lastKnownFileType = sourcecode.swift; path = CustomTabBarViewController.swift; sourceTree = "<group>"; };
		8E20FFBE22B9FD4000AD02FE /* MenuBarView.swift */ = {isa = PBXFileReference; lastKnownFileType = sourcecode.swift; path = MenuBarView.swift; sourceTree = "<group>"; };
		8E20FFC022B9FFA900AD02FE /* UIViewExtension.swift */ = {isa = PBXFileReference; fileEncoding = 4; lastKnownFileType = sourcecode.swift; path = UIViewExtension.swift; sourceTree = "<group>"; };
		8E20FFC222BA01BC00AD02FE /* MenuCell.swift */ = {isa = PBXFileReference; lastKnownFileType = sourcecode.swift; path = MenuCell.swift; sourceTree = "<group>"; };
		8E20FFC422BA02BF00AD02FE /* Identifiable.swift */ = {isa = PBXFileReference; fileEncoding = 4; lastKnownFileType = sourcecode.swift; path = Identifiable.swift; sourceTree = "<group>"; };
		8E20FFC622BA02CD00AD02FE /* Logger.swift */ = {isa = PBXFileReference; fileEncoding = 4; lastKnownFileType = sourcecode.swift; path = Logger.swift; sourceTree = "<group>"; };
		8E20FFC822BA109D00AD02FE /* Protocol.swift */ = {isa = PBXFileReference; lastKnownFileType = sourcecode.swift; path = Protocol.swift; sourceTree = "<group>"; };
		8E20FFCA22BA1A0000AD02FE /* MenuView.swift */ = {isa = PBXFileReference; lastKnownFileType = sourcecode.swift; path = MenuView.swift; sourceTree = "<group>"; };
		8E20FFCC22BA3A8900AD02FE /* CollectionViewExtensions.swift */ = {isa = PBXFileReference; lastKnownFileType = sourcecode.swift; path = CollectionViewExtensions.swift; sourceTree = "<group>"; };
/* End PBXFileReference section */

/* Begin PBXFrameworksBuildPhase section */
		8E20FFA122B9FC0E00AD02FE /* Frameworks */ = {
			isa = PBXFrameworksBuildPhase;
			buildActionMask = 2147483647;
			files = (
			);
			runOnlyForDeploymentPostprocessing = 0;
		};
/* End PBXFrameworksBuildPhase section */

/* Begin PBXGroup section */
		8E20FF9B22B9FC0E00AD02FE = {
			isa = PBXGroup;
			children = (
				8E20FFA622B9FC0E00AD02FE /* CustomCollectionView(like_TabBar) */,
				8E20FFA522B9FC0E00AD02FE /* Products */,
			);
			sourceTree = "<group>";
		};
		8E20FFA522B9FC0E00AD02FE /* Products */ = {
			isa = PBXGroup;
			children = (
				8E20FFA422B9FC0E00AD02FE /* CustomCollectionView(like_TabBar).app */,
			);
			name = Products;
			sourceTree = "<group>";
		};
		8E20FFA622B9FC0E00AD02FE /* CustomCollectionView(like_TabBar) */ = {
			isa = PBXGroup;
			children = (
				8E20FFBC22B9FCB000AD02FE /* View */,
				8E20FFBB22B9FCA300AD02FE /* Controller */,
				8E20FFBD22B9FCB400AD02FE /* Others */,
				8E20FFAE22B9FC1300AD02FE /* Assets.xcassets */,
				8E20FFB322B9FC1300AD02FE /* Info.plist */,
			);
			path = "CustomCollectionView(like_TabBar)";
			sourceTree = "<group>";
		};
		8E20FFBB22B9FCA300AD02FE /* Controller */ = {
			isa = PBXGroup;
			children = (
				8E20FFB922B9FC8200AD02FE /* CustomTabBarViewController.swift */,
			);
			path = Controller;
			sourceTree = "<group>";
		};
		8E20FFBC22B9FCB000AD02FE /* View */ = {
			isa = PBXGroup;
			children = (
				8E20FFBE22B9FD4000AD02FE /* MenuBarView.swift */,
				8E20FFC222BA01BC00AD02FE /* MenuCell.swift */,
				8E20FFCA22BA1A0000AD02FE /* MenuView.swift */,
			);
			path = View;
			sourceTree = "<group>";
		};
		8E20FFBD22B9FCB400AD02FE /* Others */ = {
			isa = PBXGroup;
			children = (
				8E20FFC822BA109D00AD02FE /* Protocol.swift */,
				8E20FFC622BA02CD00AD02FE /* Logger.swift */,
				8E20FFCC22BA3A8900AD02FE /* CollectionViewExtensions.swift */,
				8E20FFC022B9FFA900AD02FE /* UIViewExtension.swift */,
				8E20FFC422BA02BF00AD02FE /* Identifiable.swift */,
				8E20FFA722B9FC0E00AD02FE /* AppDelegate.swift */,
				8E20FFB022B9FC1300AD02FE /* LaunchScreen.storyboard */,
			);
			path = Others;
			sourceTree = "<group>";
		};
/* End PBXGroup section */

/* Begin PBXNativeTarget section */
		8E20FFA322B9FC0E00AD02FE /* CustomCollectionView(like_TabBar) */ = {
			isa = PBXNativeTarget;
			buildConfigurationList = 8E20FFB622B9FC1300AD02FE /* Build configuration list for PBXNativeTarget "CustomCollectionView(like_TabBar)" */;
			buildPhases = (
				8E20FFA022B9FC0E00AD02FE /* Sources */,
				8E20FFA122B9FC0E00AD02FE /* Frameworks */,
				8E20FFA222B9FC0E00AD02FE /* Resources */,
			);
			buildRules = (
			);
			dependencies = (
			);
			name = "CustomCollectionView(like_TabBar)";
			productName = "CustomCollectionView(like_TabBar)";
			productReference = 8E20FFA422B9FC0E00AD02FE /* CustomCollectionView(like_TabBar).app */;
			productType = "com.apple.product-type.application";
		};
/* End PBXNativeTarget section */

/* Begin PBXProject section */
		8E20FF9C22B9FC0E00AD02FE /* Project object */ = {
			isa = PBXProject;
			attributes = {
				LastSwiftUpdateCheck = 1020;
				LastUpgradeCheck = 1020;
				ORGANIZATIONNAME = "chang sic jung";
				TargetAttributes = {
					8E20FFA322B9FC0E00AD02FE = {
						CreatedOnToolsVersion = 10.2.1;
					};
				};
			};
			buildConfigurationList = 8E20FF9F22B9FC0E00AD02FE /* Build configuration list for PBXProject "CustomCollectionView(like_TabBar)" */;
			compatibilityVersion = "Xcode 9.3";
			developmentRegion = en;
			hasScannedForEncodings = 0;
			knownRegions = (
				en,
				Base,
			);
			mainGroup = 8E20FF9B22B9FC0E00AD02FE;
			productRefGroup = 8E20FFA522B9FC0E00AD02FE /* Products */;
			projectDirPath = "";
			projectRoot = "";
			targets = (
				8E20FFA322B9FC0E00AD02FE /* CustomCollectionView(like_TabBar) */,
			);
		};
/* End PBXProject section */

/* Begin PBXResourcesBuildPhase section */
		8E20FFA222B9FC0E00AD02FE /* Resources */ = {
			isa = PBXResourcesBuildPhase;
			buildActionMask = 2147483647;
			files = (
				8E20FFB222B9FC1300AD02FE /* LaunchScreen.storyboard in Resources */,
				8E20FFAF22B9FC1300AD02FE /* Assets.xcassets in Resources */,
			);
			runOnlyForDeploymentPostprocessing = 0;
		};
/* End PBXResourcesBuildPhase section */

/* Begin PBXSourcesBuildPhase section */
		8E20FFA022B9FC0E00AD02FE /* Sources */ = {
			isa = PBXSourcesBuildPhase;
			buildActionMask = 2147483647;
			files = (
				8E20FFC122B9FFA900AD02FE /* UIViewExtension.swift in Sources */,
				8E20FFC522BA02BF00AD02FE /* Identifiable.swift in Sources */,
				8E20FFC322BA01BC00AD02FE /* MenuCell.swift in Sources */,
				8E20FFC922BA109D00AD02FE /* Protocol.swift in Sources */,
				8E20FFCB22BA1A0000AD02FE /* MenuView.swift in Sources */,
				8E20FFBA22B9FC8200AD02FE /* CustomTabBarViewController.swift in Sources */,
				8E20FFC722BA02CE00AD02FE /* Logger.swift in Sources */,
				8E20FFA822B9FC0E00AD02FE /* AppDelegate.swift in Sources */,
				8E20FFCD22BA3A8900AD02FE /* CollectionViewExtensions.swift in Sources */,
				8E20FFBF22B9FD4000AD02FE /* MenuBarView.swift in Sources */,
			);
			runOnlyForDeploymentPostprocessing = 0;
		};
/* End PBXSourcesBuildPhase section */

/* Begin PBXVariantGroup section */
		8E20FFB022B9FC1300AD02FE /* LaunchScreen.storyboard */ = {
			isa = PBXVariantGroup;
			children = (
				8E20FFB122B9FC1300AD02FE /* Base */,
			);
			name = LaunchScreen.storyboard;
			sourceTree = "<group>";
		};
/* End PBXVariantGroup section */

/* Begin XCBuildConfiguration section */
		8E20FFB422B9FC1300AD02FE /* Debug */ = {
			isa = XCBuildConfiguration;
			buildSettings = {
				ALWAYS_SEARCH_USER_PATHS = NO;
				CLANG_ANALYZER_NONNULL = YES;
				CLANG_ANALYZER_NUMBER_OBJECT_CONVERSION = YES_AGGRESSIVE;
				CLANG_CXX_LANGUAGE_STANDARD = "gnu++14";
				CLANG_CXX_LIBRARY = "libc++";
				CLANG_ENABLE_MODULES = YES;
				CLANG_ENABLE_OBJC_ARC = YES;
				CLANG_ENABLE_OBJC_WEAK = YES;
				CLANG_WARN_BLOCK_CAPTURE_AUTORELEASING = YES;
				CLANG_WARN_BOOL_CONVERSION = YES;
				CLANG_WARN_COMMA = YES;
				CLANG_WARN_CONSTANT_CONVERSION = YES;
				CLANG_WARN_DEPRECATED_OBJC_IMPLEMENTATIONS = YES;
				CLANG_WARN_DIRECT_OBJC_ISA_USAGE = YES_ERROR;
				CLANG_WARN_DOCUMENTATION_COMMENTS = YES;
				CLANG_WARN_EMPTY_BODY = YES;
				CLANG_WARN_ENUM_CONVERSION = YES;
				CLANG_WARN_INFINITE_RECURSION = YES;
				CLANG_WARN_INT_CONVERSION = YES;
				CLANG_WARN_NON_LITERAL_NULL_CONVERSION = YES;
				CLANG_WARN_OBJC_IMPLICIT_RETAIN_SELF = YES;
				CLANG_WARN_OBJC_LITERAL_CONVERSION = YES;
				CLANG_WARN_OBJC_ROOT_CLASS = YES_ERROR;
				CLANG_WARN_RANGE_LOOP_ANALYSIS = YES;
				CLANG_WARN_STRICT_PROTOTYPES = YES;
				CLANG_WARN_SUSPICIOUS_MOVE = YES;
				CLANG_WARN_UNGUARDED_AVAILABILITY = YES_AGGRESSIVE;
				CLANG_WARN_UNREACHABLE_CODE = YES;
				CLANG_WARN__DUPLICATE_METHOD_MATCH = YES;
				CODE_SIGN_IDENTITY = "iPhone Developer";
				COPY_PHASE_STRIP = NO;
				DEBUG_INFORMATION_FORMAT = dwarf;
				ENABLE_STRICT_OBJC_MSGSEND = YES;
				ENABLE_TESTABILITY = YES;
				GCC_C_LANGUAGE_STANDARD = gnu11;
				GCC_DYNAMIC_NO_PIC = NO;
				GCC_NO_COMMON_BLOCKS = YES;
				GCC_OPTIMIZATION_LEVEL = 0;
				GCC_PREPROCESSOR_DEFINITIONS = (
					"DEBUG=1",
					"$(inherited)",
				);
				GCC_WARN_64_TO_32_BIT_CONVERSION = YES;
				GCC_WARN_ABOUT_RETURN_TYPE = YES_ERROR;
				GCC_WARN_UNDECLARED_SELECTOR = YES;
				GCC_WARN_UNINITIALIZED_AUTOS = YES_AGGRESSIVE;
				GCC_WARN_UNUSED_FUNCTION = YES;
				GCC_WARN_UNUSED_VARIABLE = YES;
				IPHONEOS_DEPLOYMENT_TARGET = 12.2;
				MTL_ENABLE_DEBUG_INFO = INCLUDE_SOURCE;
				MTL_FAST_MATH = YES;
				ONLY_ACTIVE_ARCH = YES;
				SDKROOT = iphoneos;
				SWIFT_ACTIVE_COMPILATION_CONDITIONS = DEBUG;
				SWIFT_OPTIMIZATION_LEVEL = "-Onone";
			};
			name = Debug;
		};
		8E20FFB522B9FC1300AD02FE /* Release */ = {
			isa = XCBuildConfiguration;
			buildSettings = {
				ALWAYS_SEARCH_USER_PATHS = NO;
				CLANG_ANALYZER_NONNULL = YES;
				CLANG_ANALYZER_NUMBER_OBJECT_CONVERSION = YES_AGGRESSIVE;
				CLANG_CXX_LANGUAGE_STANDARD = "gnu++14";
				CLANG_CXX_LIBRARY = "libc++";
				CLANG_ENABLE_MODULES = YES;
				CLANG_ENABLE_OBJC_ARC = YES;
				CLANG_ENABLE_OBJC_WEAK = YES;
				CLANG_WARN_BLOCK_CAPTURE_AUTORELEASING = YES;
				CLANG_WARN_BOOL_CONVERSION = YES;
				CLANG_WARN_COMMA = YES;
				CLANG_WARN_CONSTANT_CONVERSION = YES;
				CLANG_WARN_DEPRECATED_OBJC_IMPLEMENTATIONS = YES;
				CLANG_WARN_DIRECT_OBJC_ISA_USAGE = YES_ERROR;
				CLANG_WARN_DOCUMENTATION_COMMENTS = YES;
				CLANG_WARN_EMPTY_BODY = YES;
				CLANG_WARN_ENUM_CONVERSION = YES;
				CLANG_WARN_INFINITE_RECURSION = YES;
				CLANG_WARN_INT_CONVERSION = YES;
				CLANG_WARN_NON_LITERAL_NULL_CONVERSION = YES;
				CLANG_WARN_OBJC_IMPLICIT_RETAIN_SELF = YES;
				CLANG_WARN_OBJC_LITERAL_CONVERSION = YES;
				CLANG_WARN_OBJC_ROOT_CLASS = YES_ERROR;
				CLANG_WARN_RANGE_LOOP_ANALYSIS = YES;
				CLANG_WARN_STRICT_PROTOTYPES = YES;
				CLANG_WARN_SUSPICIOUS_MOVE = YES;
				CLANG_WARN_UNGUARDED_AVAILABILITY = YES_AGGRESSIVE;
				CLANG_WARN_UNREACHABLE_CODE = YES;
				CLANG_WARN__DUPLICATE_METHOD_MATCH = YES;
				CODE_SIGN_IDENTITY = "iPhone Developer";
				COPY_PHASE_STRIP = NO;
				DEBUG_INFORMATION_FORMAT = "dwarf-with-dsym";
				ENABLE_NS_ASSERTIONS = NO;
				ENABLE_STRICT_OBJC_MSGSEND = YES;
				GCC_C_LANGUAGE_STANDARD = gnu11;
				GCC_NO_COMMON_BLOCKS = YES;
				GCC_WARN_64_TO_32_BIT_CONVERSION = YES;
				GCC_WARN_ABOUT_RETURN_TYPE = YES_ERROR;
				GCC_WARN_UNDECLARED_SELECTOR = YES;
				GCC_WARN_UNINITIALIZED_AUTOS = YES_AGGRESSIVE;
				GCC_WARN_UNUSED_FUNCTION = YES;
				GCC_WARN_UNUSED_VARIABLE = YES;
				IPHONEOS_DEPLOYMENT_TARGET = 12.2;
				MTL_ENABLE_DEBUG_INFO = NO;
				MTL_FAST_MATH = YES;
				SDKROOT = iphoneos;
				SWIFT_COMPILATION_MODE = wholemodule;
				SWIFT_OPTIMIZATION_LEVEL = "-O";
				VALIDATE_PRODUCT = YES;
			};
			name = Release;
		};
		8E20FFB722B9FC1300AD02FE /* Debug */ = {
			isa = XCBuildConfiguration;
			buildSettings = {
				ASSETCATALOG_COMPILER_APPICON_NAME = AppIcon;
				CODE_SIGN_STYLE = Automatic;
				DEVELOPMENT_TEAM = KH53J489YG;
				INFOPLIST_FILE = "CustomCollectionView(like_TabBar)/Info.plist";
				LD_RUNPATH_SEARCH_PATHS = (
					"$(inherited)",
					"@executable_path/Frameworks",
				);
				PRODUCT_BUNDLE_IDENTIFIER = "iosSchool.changsik.CustomCollectionView-like-TabBar-";
				PRODUCT_NAME = "$(TARGET_NAME)";
				SWIFT_VERSION = 5.0;
				TARGETED_DEVICE_FAMILY = "1,2";
			};
			name = Debug;
		};
		8E20FFB822B9FC1300AD02FE /* Release */ = {
			isa = XCBuildConfiguration;
			buildSettings = {
				ASSETCATALOG_COMPILER_APPICON_NAME = AppIcon;
				CODE_SIGN_STYLE = Automatic;
				DEVELOPMENT_TEAM = KH53J489YG;
				INFOPLIST_FILE = "CustomCollectionView(like_TabBar)/Info.plist";
				LD_RUNPATH_SEARCH_PATHS = (
					"$(inherited)",
					"@executable_path/Frameworks",
				);
				PRODUCT_BUNDLE_IDENTIFIER = "iosSchool.changsik.CustomCollectionView-like-TabBar-";
				PRODUCT_NAME = "$(TARGET_NAME)";
				SWIFT_VERSION = 5.0;
				TARGETED_DEVICE_FAMILY = "1,2";
			};
			name = Release;
		};
/* End XCBuildConfiguration section */

/* Begin XCConfigurationList section */
		8E20FF9F22B9FC0E00AD02FE /* Build configuration list for PBXProject "CustomCollectionView(like_TabBar)" */ = {
			isa = XCConfigurationList;
			buildConfigurations = (
				8E20FFB422B9FC1300AD02FE /* Debug */,
				8E20FFB522B9FC1300AD02FE /* Release */,
			);
			defaultConfigurationIsVisible = 0;
			defaultConfigurationName = Release;
		};
		8E20FFB622B9FC1300AD02FE /* Build configuration list for PBXNativeTarget "CustomCollectionView(like_TabBar)" */ = {
			isa = XCConfigurationList;
			buildConfigurations = (
				8E20FFB722B9FC1300AD02FE /* Debug */,
				8E20FFB822B9FC1300AD02FE /* Release */,
			);
			defaultConfigurationIsVisible = 0;
			defaultConfigurationName = Release;
		};
/* End XCConfigurationList section */
	};
	rootObject = 8E20FF9C22B9FC0E00AD02FE /* Project object */;
}
