// !$*UTF8*$!
{
	archiveVersion = 1;
	classes = {
	};
	objectVersion = 50;
	objects = {

/* Begin PBXBuildFile section */
		8E20FF5622B2150800AD02FE /* AppDelegate.swift in Sources */ = {isa = PBXBuildFile; fileRef = 8E20FF5522B2150800AD02FE /* AppDelegate.swift */; };
		8E20FF5822B2150800AD02FE /* WeatherCasterViewController.swift in Sources */ = {isa = PBXBuildFile; fileRef = 8E20FF5722B2150800AD02FE /* WeatherCasterViewController.swift */; };
		8E20FF5B22B2150800AD02FE /* Main.storyboard in Resources */ = {isa = PBXBuildFile; fileRef = 8E20FF5922B2150800AD02FE /* Main.storyboard */; };
		8E20FF5D22B2150B00AD02FE /* Assets.xcassets in Resources */ = {isa = PBXBuildFile; fileRef = 8E20FF5C22B2150B00AD02FE /* Assets.xcassets */; };
		8E20FF6022B2150B00AD02FE /* LaunchScreen.storyboard in Resources */ = {isa = PBXBuildFile; fileRef = 8E20FF5E22B2150B00AD02FE /* LaunchScreen.storyboard */; };
		8E20FF6822B2151C00AD02FE /* UIVIewExtension.swift in Sources */ = {isa = PBXBuildFile; fileRef = 8E20FF6722B2151C00AD02FE /* UIVIewExtension.swift */; };
		8E20FF6A22B2177700AD02FE /* FrameExtension.swift in Sources */ = {isa = PBXBuildFile; fileRef = 8E20FF6922B2177700AD02FE /* FrameExtension.swift */; };
		8E20FF6D22B219DF00AD02FE /* UITableViewExtension.swift in Sources */ = {isa = PBXBuildFile; fileRef = 8E20FF6C22B219DF00AD02FE /* UITableViewExtension.swift */; };
		8E20FF6F22B2215300AD02FE /* DecodableExtension.swift in Sources */ = {isa = PBXBuildFile; fileRef = 8E20FF6E22B2215300AD02FE /* DecodableExtension.swift */; };
		8E20FF7122B2267500AD02FE /* UIButtonExtension.swift in Sources */ = {isa = PBXBuildFile; fileRef = 8E20FF7022B2267500AD02FE /* UIButtonExtension.swift */; };
		8E20FF7322B2278200AD02FE /* StringExtension.swift in Sources */ = {isa = PBXBuildFile; fileRef = 8E20FF7222B2278200AD02FE /* StringExtension.swift */; };
		8E20FF7522B2279F00AD02FE /* Then.swift in Sources */ = {isa = PBXBuildFile; fileRef = 8E20FF7422B2279F00AD02FE /* Then.swift */; };
		8E20FF7822B2282900AD02FE /* ForecastServiceStub.swift in Sources */ = {isa = PBXBuildFile; fileRef = 8E20FF7722B2282900AD02FE /* ForecastServiceStub.swift */; };
		8E20FF7B22B228B700AD02FE /* ForecastServiceType.swift in Sources */ = {isa = PBXBuildFile; fileRef = 8E20FF7A22B228B700AD02FE /* ForecastServiceType.swift */; };
		8E20FF7D22B228D000AD02FE /* CurrentForecast.swift in Sources */ = {isa = PBXBuildFile; fileRef = 8E20FF7C22B228D000AD02FE /* CurrentForecast.swift */; };
		8E20FF7F22B228DE00AD02FE /* ShortRangeForecast.swift in Sources */ = {isa = PBXBuildFile; fileRef = 8E20FF7E22B228DE00AD02FE /* ShortRangeForecast.swift */; };
		8E20FF8222B2290100AD02FE /* ServiceError.swift in Sources */ = {isa = PBXBuildFile; fileRef = 8E20FF8122B2290100AD02FE /* ServiceError.swift */; };
		8E20FF8422B23A0300AD02FE /* ForeCastType.swift in Sources */ = {isa = PBXBuildFile; fileRef = 8E20FF8322B23A0300AD02FE /* ForeCastType.swift */; };
/* End PBXBuildFile section */

/* Begin PBXFileReference section */
		8E20FF5222B2150800AD02FE /* WeatherForecastAnswer.app */ = {isa = PBXFileReference; explicitFileType = wrapper.application; includeInIndex = 0; path = WeatherForecastAnswer.app; sourceTree = BUILT_PRODUCTS_DIR; };
		8E20FF5522B2150800AD02FE /* AppDelegate.swift */ = {isa = PBXFileReference; lastKnownFileType = sourcecode.swift; path = AppDelegate.swift; sourceTree = "<group>"; };
		8E20FF5722B2150800AD02FE /* WeatherCasterViewController.swift */ = {isa = PBXFileReference; lastKnownFileType = sourcecode.swift; path = WeatherCasterViewController.swift; sourceTree = "<group>"; };
		8E20FF5A22B2150800AD02FE /* Base */ = {isa = PBXFileReference; lastKnownFileType = file.storyboard; name = Base; path = Base.lproj/Main.storyboard; sourceTree = "<group>"; };
		8E20FF5C22B2150B00AD02FE /* Assets.xcassets */ = {isa = PBXFileReference; lastKnownFileType = folder.assetcatalog; path = Assets.xcassets; sourceTree = "<group>"; };
		8E20FF5F22B2150B00AD02FE /* Base */ = {isa = PBXFileReference; lastKnownFileType = file.storyboard; name = Base; path = Base.lproj/LaunchScreen.storyboard; sourceTree = "<group>"; };
		8E20FF6122B2150B00AD02FE /* Info.plist */ = {isa = PBXFileReference; lastKnownFileType = text.plist.xml; path = Info.plist; sourceTree = "<group>"; };
		8E20FF6722B2151C00AD02FE /* UIVIewExtension.swift */ = {isa = PBXFileReference; lastKnownFileType = sourcecode.swift; name = UIVIewExtension.swift; path = ../UIVIewExtension.swift; sourceTree = "<group>"; };
		8E20FF6922B2177700AD02FE /* FrameExtension.swift */ = {isa = PBXFileReference; lastKnownFileType = sourcecode.swift; name = FrameExtension.swift; path = ../FrameExtension.swift; sourceTree = "<group>"; };
		8E20FF6C22B219DF00AD02FE /* UITableViewExtension.swift */ = {isa = PBXFileReference; lastKnownFileType = sourcecode.swift; path = UITableViewExtension.swift; sourceTree = "<group>"; };
		8E20FF6E22B2215300AD02FE /* DecodableExtension.swift */ = {isa = PBXFileReference; lastKnownFileType = sourcecode.swift; path = DecodableExtension.swift; sourceTree = "<group>"; };
		8E20FF7022B2267500AD02FE /* UIButtonExtension.swift */ = {isa = PBXFileReference; lastKnownFileType = sourcecode.swift; path = UIButtonExtension.swift; sourceTree = "<group>"; };
		8E20FF7222B2278200AD02FE /* StringExtension.swift */ = {isa = PBXFileReference; lastKnownFileType = sourcecode.swift; path = StringExtension.swift; sourceTree = "<group>"; };
		8E20FF7422B2279F00AD02FE /* Then.swift */ = {isa = PBXFileReference; lastKnownFileType = sourcecode.swift; path = Then.swift; sourceTree = "<group>"; };
		8E20FF7722B2282900AD02FE /* ForecastServiceStub.swift */ = {isa = PBXFileReference; lastKnownFileType = sourcecode.swift; name = ForecastServiceStub.swift; path = ../ForecastServiceStub.swift; sourceTree = "<group>"; };
		8E20FF7A22B228B700AD02FE /* ForecastServiceType.swift */ = {isa = PBXFileReference; lastKnownFileType = sourcecode.swift; path = ForecastServiceType.swift; sourceTree = "<group>"; };
		8E20FF7C22B228D000AD02FE /* CurrentForecast.swift */ = {isa = PBXFileReference; lastKnownFileType = sourcecode.swift; path = CurrentForecast.swift; sourceTree = "<group>"; };
		8E20FF7E22B228DE00AD02FE /* ShortRangeForecast.swift */ = {isa = PBXFileReference; lastKnownFileType = sourcecode.swift; path = ShortRangeForecast.swift; sourceTree = "<group>"; };
		8E20FF8122B2290100AD02FE /* ServiceError.swift */ = {isa = PBXFileReference; lastKnownFileType = sourcecode.swift; path = ServiceError.swift; sourceTree = "<group>"; };
		8E20FF8322B23A0300AD02FE /* ForeCastType.swift */ = {isa = PBXFileReference; lastKnownFileType = sourcecode.swift; path = ForeCastType.swift; sourceTree = "<group>"; };
/* End PBXFileReference section */

/* Begin PBXFrameworksBuildPhase section */
		8E20FF4F22B2150800AD02FE /* Frameworks */ = {
			isa = PBXFrameworksBuildPhase;
			buildActionMask = 2147483647;
			files = (
			);
			runOnlyForDeploymentPostprocessing = 0;
		};
/* End PBXFrameworksBuildPhase section */

/* Begin PBXGroup section */
		8E20FF4922B2150800AD02FE = {
			isa = PBXGroup;
			children = (
				8E20FF5422B2150800AD02FE /* WeatherForecastAnswer */,
				8E20FF5322B2150800AD02FE /* Products */,
			);
			sourceTree = "<group>";
		};
		8E20FF5322B2150800AD02FE /* Products */ = {
			isa = PBXGroup;
			children = (
				8E20FF5222B2150800AD02FE /* WeatherForecastAnswer.app */,
			);
			name = Products;
			sourceTree = "<group>";
		};
		8E20FF5422B2150800AD02FE /* WeatherForecastAnswer */ = {
			isa = PBXGroup;
			children = (
				8E20FF5522B2150800AD02FE /* AppDelegate.swift */,
				8E20FF5722B2150800AD02FE /* WeatherCasterViewController.swift */,
				8E20FF8022B228E300AD02FE /* Model */,
				8E20FF6B22B2199E00AD02FE /* Extensions */,
				8E20FF7922B2283500AD02FE /* Service */,
				8E20FF5C22B2150B00AD02FE /* Assets.xcassets */,
				8E20FF5E22B2150B00AD02FE /* LaunchScreen.storyboard */,
				8E20FF5922B2150800AD02FE /* Main.storyboard */,
				8E20FF6122B2150B00AD02FE /* Info.plist */,
			);
			path = WeatherForecastAnswer;
			sourceTree = "<group>";
		};
		8E20FF6B22B2199E00AD02FE /* Extensions */ = {
			isa = PBXGroup;
			children = (
				8E20FF6722B2151C00AD02FE /* UIVIewExtension.swift */,
				8E20FF6922B2177700AD02FE /* FrameExtension.swift */,
				8E20FF6C22B219DF00AD02FE /* UITableViewExtension.swift */,
				8E20FF6E22B2215300AD02FE /* DecodableExtension.swift */,
				8E20FF7022B2267500AD02FE /* UIButtonExtension.swift */,
				8E20FF7222B2278200AD02FE /* StringExtension.swift */,
				8E20FF7422B2279F00AD02FE /* Then.swift */,
			);
			path = Extensions;
			sourceTree = "<group>";
		};
		8E20FF7922B2283500AD02FE /* Service */ = {
			isa = PBXGroup;
			children = (
				8E20FF7722B2282900AD02FE /* ForecastServiceStub.swift */,
				8E20FF7A22B228B700AD02FE /* ForecastServiceType.swift */,
				8E20FF8122B2290100AD02FE /* ServiceError.swift */,
			);
			path = Service;
			sourceTree = "<group>";
		};
		8E20FF8022B228E300AD02FE /* Model */ = {
			isa = PBXGroup;
			children = (
				8E20FF8322B23A0300AD02FE /* ForeCastType.swift */,
				8E20FF7C22B228D000AD02FE /* CurrentForecast.swift */,
				8E20FF7E22B228DE00AD02FE /* ShortRangeForecast.swift */,
			);
			path = Model;
			sourceTree = "<group>";
		};
/* End PBXGroup section */

/* Begin PBXNativeTarget section */
		8E20FF5122B2150800AD02FE /* WeatherForecastAnswer */ = {
			isa = PBXNativeTarget;
			buildConfigurationList = 8E20FF6422B2150B00AD02FE /* Build configuration list for PBXNativeTarget "WeatherForecastAnswer" */;
			buildPhases = (
				8E20FF4E22B2150800AD02FE /* Sources */,
				8E20FF4F22B2150800AD02FE /* Frameworks */,
				8E20FF5022B2150800AD02FE /* Resources */,
			);
			buildRules = (
			);
			dependencies = (
			);
			name = WeatherForecastAnswer;
			productName = WeatherForecastAnswer;
			productReference = 8E20FF5222B2150800AD02FE /* WeatherForecastAnswer.app */;
			productType = "com.apple.product-type.application";
		};
/* End PBXNativeTarget section */

/* Begin PBXProject section */
		8E20FF4A22B2150800AD02FE /* Project object */ = {
			isa = PBXProject;
			attributes = {
				LastSwiftUpdateCheck = 1020;
				LastUpgradeCheck = 1020;
				ORGANIZATIONNAME = "chang sic jung";
				TargetAttributes = {
					8E20FF5122B2150800AD02FE = {
						CreatedOnToolsVersion = 10.2.1;
					};
				};
			};
			buildConfigurationList = 8E20FF4D22B2150800AD02FE /* Build configuration list for PBXProject "WeatherForecastAnswer" */;
			compatibilityVersion = "Xcode 9.3";
			developmentRegion = en;
			hasScannedForEncodings = 0;
			knownRegions = (
				en,
				Base,
			);
			mainGroup = 8E20FF4922B2150800AD02FE;
			productRefGroup = 8E20FF5322B2150800AD02FE /* Products */;
			projectDirPath = "";
			projectRoot = "";
			targets = (
				8E20FF5122B2150800AD02FE /* WeatherForecastAnswer */,
			);
		};
/* End PBXProject section */

/* Begin PBXResourcesBuildPhase section */
		8E20FF5022B2150800AD02FE /* Resources */ = {
			isa = PBXResourcesBuildPhase;
			buildActionMask = 2147483647;
			files = (
				8E20FF6022B2150B00AD02FE /* LaunchScreen.storyboard in Resources */,
				8E20FF5D22B2150B00AD02FE /* Assets.xcassets in Resources */,
				8E20FF5B22B2150800AD02FE /* Main.storyboard in Resources */,
			);
			runOnlyForDeploymentPostprocessing = 0;
		};
/* End PBXResourcesBuildPhase section */

/* Begin PBXSourcesBuildPhase section */
		8E20FF4E22B2150800AD02FE /* Sources */ = {
			isa = PBXSourcesBuildPhase;
			buildActionMask = 2147483647;
			files = (
				8E20FF7822B2282900AD02FE /* ForecastServiceStub.swift in Sources */,
				8E20FF6822B2151C00AD02FE /* UIVIewExtension.swift in Sources */,
				8E20FF7522B2279F00AD02FE /* Then.swift in Sources */,
				8E20FF6F22B2215300AD02FE /* DecodableExtension.swift in Sources */,
				8E20FF6D22B219DF00AD02FE /* UITableViewExtension.swift in Sources */,
				8E20FF5822B2150800AD02FE /* WeatherCasterViewController.swift in Sources */,
				8E20FF7322B2278200AD02FE /* StringExtension.swift in Sources */,
				8E20FF7122B2267500AD02FE /* UIButtonExtension.swift in Sources */,
				8E20FF5622B2150800AD02FE /* AppDelegate.swift in Sources */,
				8E20FF7F22B228DE00AD02FE /* ShortRangeForecast.swift in Sources */,
				8E20FF6A22B2177700AD02FE /* FrameExtension.swift in Sources */,
				8E20FF8422B23A0300AD02FE /* ForeCastType.swift in Sources */,
				8E20FF7D22B228D000AD02FE /* CurrentForecast.swift in Sources */,
				8E20FF8222B2290100AD02FE /* ServiceError.swift in Sources */,
				8E20FF7B22B228B700AD02FE /* ForecastServiceType.swift in Sources */,
			);
			runOnlyForDeploymentPostprocessing = 0;
		};
/* End PBXSourcesBuildPhase section */

/* Begin PBXVariantGroup section */
		8E20FF5922B2150800AD02FE /* Main.storyboard */ = {
			isa = PBXVariantGroup;
			children = (
				8E20FF5A22B2150800AD02FE /* Base */,
			);
			name = Main.storyboard;
			sourceTree = "<group>";
		};
		8E20FF5E22B2150B00AD02FE /* LaunchScreen.storyboard */ = {
			isa = PBXVariantGroup;
			children = (
				8E20FF5F22B2150B00AD02FE /* Base */,
			);
			name = LaunchScreen.storyboard;
			sourceTree = "<group>";
		};
/* End PBXVariantGroup section */

/* Begin XCBuildConfiguration section */
		8E20FF6222B2150B00AD02FE /* Debug */ = {
			isa = XCBuildConfiguration;
			buildSettings = {
				ALWAYS_SEARCH_USER_PATHS = NO;
				CLANG_ANALYZER_NONNULL = YES;
				CLANG_ANALYZER_NUMBER_OBJECT_CONVERSION = YES_AGGRESSIVE;
				CLANG_CXX_LANGUAGE_STANDARD = "gnu++14";
				CLANG_CXX_LIBRARY = "libc++";
				CLANG_ENABLE_MODULES = YES;
				CLANG_ENABLE_OBJC_ARC = YES;
				CLANG_ENABLE_OBJC_WEAK = YES;
				CLANG_WARN_BLOCK_CAPTURE_AUTORELEASING = YES;
				CLANG_WARN_BOOL_CONVERSION = YES;
				CLANG_WARN_COMMA = YES;
				CLANG_WARN_CONSTANT_CONVERSION = YES;
				CLANG_WARN_DEPRECATED_OBJC_IMPLEMENTATIONS = YES;
				CLANG_WARN_DIRECT_OBJC_ISA_USAGE = YES_ERROR;
				CLANG_WARN_DOCUMENTATION_COMMENTS = YES;
				CLANG_WARN_EMPTY_BODY = YES;
				CLANG_WARN_ENUM_CONVERSION = YES;
				CLANG_WARN_INFINITE_RECURSION = YES;
				CLANG_WARN_INT_CONVERSION = YES;
				CLANG_WARN_NON_LITERAL_NULL_CONVERSION = YES;
				CLANG_WARN_OBJC_IMPLICIT_RETAIN_SELF = YES;
				CLANG_WARN_OBJC_LITERAL_CONVERSION = YES;
				CLANG_WARN_OBJC_ROOT_CLASS = YES_ERROR;
				CLANG_WARN_RANGE_LOOP_ANALYSIS = YES;
				CLANG_WARN_STRICT_PROTOTYPES = YES;
				CLANG_WARN_SUSPICIOUS_MOVE = YES;
				CLANG_WARN_UNGUARDED_AVAILABILITY = YES_AGGRESSIVE;
				CLANG_WARN_UNREACHABLE_CODE = YES;
				CLANG_WARN__DUPLICATE_METHOD_MATCH = YES;
				CODE_SIGN_IDENTITY = "iPhone Developer";
				COPY_PHASE_STRIP = NO;
				DEBUG_INFORMATION_FORMAT = dwarf;
				ENABLE_STRICT_OBJC_MSGSEND = YES;
				ENABLE_TESTABILITY = YES;
				GCC_C_LANGUAGE_STANDARD = gnu11;
				GCC_DYNAMIC_NO_PIC = NO;
				GCC_NO_COMMON_BLOCKS = YES;
				GCC_OPTIMIZATION_LEVEL = 0;
				GCC_PREPROCESSOR_DEFINITIONS = (
					"DEBUG=1",
					"$(inherited)",
				);
				GCC_WARN_64_TO_32_BIT_CONVERSION = YES;
				GCC_WARN_ABOUT_RETURN_TYPE = YES_ERROR;
				GCC_WARN_UNDECLARED_SELECTOR = YES;
				GCC_WARN_UNINITIALIZED_AUTOS = YES_AGGRESSIVE;
				GCC_WARN_UNUSED_FUNCTION = YES;
				GCC_WARN_UNUSED_VARIABLE = YES;
				IPHONEOS_DEPLOYMENT_TARGET = 12.2;
				MTL_ENABLE_DEBUG_INFO = INCLUDE_SOURCE;
				MTL_FAST_MATH = YES;
				ONLY_ACTIVE_ARCH = YES;
				SDKROOT = iphoneos;
				SWIFT_ACTIVE_COMPILATION_CONDITIONS = DEBUG;
				SWIFT_OPTIMIZATION_LEVEL = "-Onone";
			};
			name = Debug;
		};
		8E20FF6322B2150B00AD02FE /* Release */ = {
			isa = XCBuildConfiguration;
			buildSettings = {
				ALWAYS_SEARCH_USER_PATHS = NO;
				CLANG_ANALYZER_NONNULL = YES;
				CLANG_ANALYZER_NUMBER_OBJECT_CONVERSION = YES_AGGRESSIVE;
				CLANG_CXX_LANGUAGE_STANDARD = "gnu++14";
				CLANG_CXX_LIBRARY = "libc++";
				CLANG_ENABLE_MODULES = YES;
				CLANG_ENABLE_OBJC_ARC = YES;
				CLANG_ENABLE_OBJC_WEAK = YES;
				CLANG_WARN_BLOCK_CAPTURE_AUTORELEASING = YES;
				CLANG_WARN_BOOL_CONVERSION = YES;
				CLANG_WARN_COMMA = YES;
				CLANG_WARN_CONSTANT_CONVERSION = YES;
				CLANG_WARN_DEPRECATED_OBJC_IMPLEMENTATIONS = YES;
				CLANG_WARN_DIRECT_OBJC_ISA_USAGE = YES_ERROR;
				CLANG_WARN_DOCUMENTATION_COMMENTS = YES;
				CLANG_WARN_EMPTY_BODY = YES;
				CLANG_WARN_ENUM_CONVERSION = YES;
				CLANG_WARN_INFINITE_RECURSION = YES;
				CLANG_WARN_INT_CONVERSION = YES;
				CLANG_WARN_NON_LITERAL_NULL_CONVERSION = YES;
				CLANG_WARN_OBJC_IMPLICIT_RETAIN_SELF = YES;
				CLANG_WARN_OBJC_LITERAL_CONVERSION = YES;
				CLANG_WARN_OBJC_ROOT_CLASS = YES_ERROR;
				CLANG_WARN_RANGE_LOOP_ANALYSIS = YES;
				CLANG_WARN_STRICT_PROTOTYPES = YES;
				CLANG_WARN_SUSPICIOUS_MOVE = YES;
				CLANG_WARN_UNGUARDED_AVAILABILITY = YES_AGGRESSIVE;
				CLANG_WARN_UNREACHABLE_CODE = YES;
				CLANG_WARN__DUPLICATE_METHOD_MATCH = YES;
				CODE_SIGN_IDENTITY = "iPhone Developer";
				COPY_PHASE_STRIP = NO;
				DEBUG_INFORMATION_FORMAT = "dwarf-with-dsym";
				ENABLE_NS_ASSERTIONS = NO;
				ENABLE_STRICT_OBJC_MSGSEND = YES;
				GCC_C_LANGUAGE_STANDARD = gnu11;
				GCC_NO_COMMON_BLOCKS = YES;
				GCC_WARN_64_TO_32_BIT_CONVERSION = YES;
				GCC_WARN_ABOUT_RETURN_TYPE = YES_ERROR;
				GCC_WARN_UNDECLARED_SELECTOR = YES;
				GCC_WARN_UNINITIALIZED_AUTOS = YES_AGGRESSIVE;
				GCC_WARN_UNUSED_FUNCTION = YES;
				GCC_WARN_UNUSED_VARIABLE = YES;
				IPHONEOS_DEPLOYMENT_TARGET = 12.2;
				MTL_ENABLE_DEBUG_INFO = NO;
				MTL_FAST_MATH = YES;
				SDKROOT = iphoneos;
				SWIFT_COMPILATION_MODE = wholemodule;
				SWIFT_OPTIMIZATION_LEVEL = "-O";
				VALIDATE_PRODUCT = YES;
			};
			name = Release;
		};
		8E20FF6522B2150B00AD02FE /* Debug */ = {
			isa = XCBuildConfiguration;
			buildSettings = {
				ASSETCATALOG_COMPILER_APPICON_NAME = AppIcon;
				CODE_SIGN_STYLE = Automatic;
				DEVELOPMENT_TEAM = KH53J489YG;
				INFOPLIST_FILE = WeatherForecastAnswer/Info.plist;
				LD_RUNPATH_SEARCH_PATHS = (
					"$(inherited)",
					"@executable_path/Frameworks",
				);
				PRODUCT_BUNDLE_IDENTIFIER = iosSchool.changsik.WeatherForecastAnswer;
				PRODUCT_NAME = "$(TARGET_NAME)";
				SWIFT_VERSION = 5.0;
				TARGETED_DEVICE_FAMILY = "1,2";
			};
			name = Debug;
		};
		8E20FF6622B2150B00AD02FE /* Release */ = {
			isa = XCBuildConfiguration;
			buildSettings = {
				ASSETCATALOG_COMPILER_APPICON_NAME = AppIcon;
				CODE_SIGN_STYLE = Automatic;
				DEVELOPMENT_TEAM = KH53J489YG;
				INFOPLIST_FILE = WeatherForecastAnswer/Info.plist;
				LD_RUNPATH_SEARCH_PATHS = (
					"$(inherited)",
					"@executable_path/Frameworks",
				);
				PRODUCT_BUNDLE_IDENTIFIER = iosSchool.changsik.WeatherForecastAnswer;
				PRODUCT_NAME = "$(TARGET_NAME)";
				SWIFT_VERSION = 5.0;
				TARGETED_DEVICE_FAMILY = "1,2";
			};
			name = Release;
		};
/* End XCBuildConfiguration section */

/* Begin XCConfigurationList section */
		8E20FF4D22B2150800AD02FE /* Build configuration list for PBXProject "WeatherForecastAnswer" */ = {
			isa = XCConfigurationList;
			buildConfigurations = (
				8E20FF6222B2150B00AD02FE /* Debug */,
				8E20FF6322B2150B00AD02FE /* Release */,
			);
			defaultConfigurationIsVisible = 0;
			defaultConfigurationName = Release;
		};
		8E20FF6422B2150B00AD02FE /* Build configuration list for PBXNativeTarget "WeatherForecastAnswer" */ = {
			isa = XCConfigurationList;
			buildConfigurations = (
				8E20FF6522B2150B00AD02FE /* Debug */,
				8E20FF6622B2150B00AD02FE /* Release */,
			);
			defaultConfigurationIsVisible = 0;
			defaultConfigurationName = Release;
		};
/* End XCConfigurationList section */
	};
	rootObject = 8E20FF4A22B2150800AD02FE /* Project object */;
}
