// !$*UTF8*$!
{
	archiveVersion = 1;
	classes = {
	};
	objectVersion = 50;
	objects = {

/* Begin PBXBuildFile section */
		8ED9E971227172AC0080AC09 /* AppDelegate.swift in Sources */ = {isa = PBXBuildFile; fileRef = 8ED9E970227172AC0080AC09 /* AppDelegate.swift */; };
		8ED9E973227172AC0080AC09 /* ViewController.swift in Sources */ = {isa = PBXBuildFile; fileRef = 8ED9E972227172AC0080AC09 /* ViewController.swift */; };
		8ED9E976227172AC0080AC09 /* Main.storyboard in Resources */ = {isa = PBXBuildFile; fileRef = 8ED9E974227172AC0080AC09 /* Main.storyboard */; };
		8ED9E978227172AE0080AC09 /* Assets.xcassets in Resources */ = {isa = PBXBuildFile; fileRef = 8ED9E977227172AE0080AC09 /* Assets.xcassets */; };
		8ED9E97B227172AE0080AC09 /* LaunchScreen.storyboard in Resources */ = {isa = PBXBuildFile; fileRef = 8ED9E979227172AE0080AC09 /* LaunchScreen.storyboard */; };
		8ED9E987227174E10080AC09 /* ShoppingTableViewCell.swift in Sources */ = {isa = PBXBuildFile; fileRef = 8ED9E985227174E10080AC09 /* ShoppingTableViewCell.swift */; };
		8ED9E988227174E10080AC09 /* ShoppingTableViewCell.xib in Resources */ = {isa = PBXBuildFile; fileRef = 8ED9E986227174E10080AC09 /* ShoppingTableViewCell.xib */; };
		8ED9E98A227174F70080AC09 /* ShoppingData.swift in Sources */ = {isa = PBXBuildFile; fileRef = 8ED9E989227174F70080AC09 /* ShoppingData.swift */; };
/* End PBXBuildFile section */

/* Begin PBXFileReference section */
		8ED9E96D227172AC0080AC09 /* ShoppingItem.app */ = {isa = PBXFileReference; explicitFileType = wrapper.application; includeInIndex = 0; path = ShoppingItem.app; sourceTree = BUILT_PRODUCTS_DIR; };
		8ED9E970227172AC0080AC09 /* AppDelegate.swift */ = {isa = PBXFileReference; lastKnownFileType = sourcecode.swift; path = AppDelegate.swift; sourceTree = "<group>"; };
		8ED9E972227172AC0080AC09 /* ViewController.swift */ = {isa = PBXFileReference; lastKnownFileType = sourcecode.swift; path = ViewController.swift; sourceTree = "<group>"; };
		8ED9E975227172AC0080AC09 /* Base */ = {isa = PBXFileReference; lastKnownFileType = file.storyboard; name = Base; path = Base.lproj/Main.storyboard; sourceTree = "<group>"; };
		8ED9E977227172AE0080AC09 /* Assets.xcassets */ = {isa = PBXFileReference; lastKnownFileType = folder.assetcatalog; path = Assets.xcassets; sourceTree = "<group>"; };
		8ED9E97A227172AE0080AC09 /* Base */ = {isa = PBXFileReference; lastKnownFileType = file.storyboard; name = Base; path = Base.lproj/LaunchScreen.storyboard; sourceTree = "<group>"; };
		8ED9E97C227172AE0080AC09 /* Info.plist */ = {isa = PBXFileReference; lastKnownFileType = text.plist.xml; path = Info.plist; sourceTree = "<group>"; };
		8ED9E985227174E10080AC09 /* ShoppingTableViewCell.swift */ = {isa = PBXFileReference; lastKnownFileType = sourcecode.swift; path = ShoppingTableViewCell.swift; sourceTree = "<group>"; };
		8ED9E986227174E10080AC09 /* ShoppingTableViewCell.xib */ = {isa = PBXFileReference; lastKnownFileType = file.xib; path = ShoppingTableViewCell.xib; sourceTree = "<group>"; };
		8ED9E989227174F70080AC09 /* ShoppingData.swift */ = {isa = PBXFileReference; lastKnownFileType = sourcecode.swift; path = ShoppingData.swift; sourceTree = "<group>"; };
/* End PBXFileReference section */

/* Begin PBXFrameworksBuildPhase section */
		8ED9E96A227172AC0080AC09 /* Frameworks */ = {
			isa = PBXFrameworksBuildPhase;
			buildActionMask = 2147483647;
			files = (
			);
			runOnlyForDeploymentPostprocessing = 0;
		};
/* End PBXFrameworksBuildPhase section */

/* Begin PBXGroup section */
		8ED9E964227172AC0080AC09 = {
			isa = PBXGroup;
			children = (
				8ED9E96F227172AC0080AC09 /* ShoppingItem */,
				8ED9E96E227172AC0080AC09 /* Products */,
			);
			sourceTree = "<group>";
		};
		8ED9E96E227172AC0080AC09 /* Products */ = {
			isa = PBXGroup;
			children = (
				8ED9E96D227172AC0080AC09 /* ShoppingItem.app */,
			);
			name = Products;
			sourceTree = "<group>";
		};
		8ED9E96F227172AC0080AC09 /* ShoppingItem */ = {
			isa = PBXGroup;
			children = (
				8ED9E970227172AC0080AC09 /* AppDelegate.swift */,
				8ED9E983227174AF0080AC09 /* Model */,
				8ED9E984227174B50080AC09 /* View */,
				8ED9E982227174A10080AC09 /* Controller */,
				8ED9E974227172AC0080AC09 /* Main.storyboard */,
				8ED9E977227172AE0080AC09 /* Assets.xcassets */,
				8ED9E979227172AE0080AC09 /* LaunchScreen.storyboard */,
				8ED9E97C227172AE0080AC09 /* Info.plist */,
			);
			path = ShoppingItem;
			sourceTree = "<group>";
		};
		8ED9E982227174A10080AC09 /* Controller */ = {
			isa = PBXGroup;
			children = (
				8ED9E972227172AC0080AC09 /* ViewController.swift */,
			);
			path = Controller;
			sourceTree = "<group>";
		};
		8ED9E983227174AF0080AC09 /* Model */ = {
			isa = PBXGroup;
			children = (
				8ED9E989227174F70080AC09 /* ShoppingData.swift */,
			);
			path = Model;
			sourceTree = "<group>";
		};
		8ED9E984227174B50080AC09 /* View */ = {
			isa = PBXGroup;
			children = (
				8ED9E985227174E10080AC09 /* ShoppingTableViewCell.swift */,
				8ED9E986227174E10080AC09 /* ShoppingTableViewCell.xib */,
			);
			path = View;
			sourceTree = "<group>";
		};
/* End PBXGroup section */

/* Begin PBXNativeTarget section */
		8ED9E96C227172AC0080AC09 /* ShoppingItem */ = {
			isa = PBXNativeTarget;
			buildConfigurationList = 8ED9E97F227172AE0080AC09 /* Build configuration list for PBXNativeTarget "ShoppingItem" */;
			buildPhases = (
				8ED9E969227172AC0080AC09 /* Sources */,
				8ED9E96A227172AC0080AC09 /* Frameworks */,
				8ED9E96B227172AC0080AC09 /* Resources */,
			);
			buildRules = (
			);
			dependencies = (
			);
			name = ShoppingItem;
			productName = ShoppingItem;
			productReference = 8ED9E96D227172AC0080AC09 /* ShoppingItem.app */;
			productType = "com.apple.product-type.application";
		};
/* End PBXNativeTarget section */

/* Begin PBXProject section */
		8ED9E965227172AC0080AC09 /* Project object */ = {
			isa = PBXProject;
			attributes = {
				LastSwiftUpdateCheck = 1020;
				LastUpgradeCheck = 1020;
				ORGANIZATIONNAME = "chang sic jung";
				TargetAttributes = {
					8ED9E96C227172AC0080AC09 = {
						CreatedOnToolsVersion = 10.2;
					};
				};
			};
			buildConfigurationList = 8ED9E968227172AC0080AC09 /* Build configuration list for PBXProject "ShoppingItem" */;
			compatibilityVersion = "Xcode 9.3";
			developmentRegion = en;
			hasScannedForEncodings = 0;
			knownRegions = (
				en,
				Base,
			);
			mainGroup = 8ED9E964227172AC0080AC09;
			productRefGroup = 8ED9E96E227172AC0080AC09 /* Products */;
			projectDirPath = "";
			projectRoot = "";
			targets = (
				8ED9E96C227172AC0080AC09 /* ShoppingItem */,
			);
		};
/* End PBXProject section */

/* Begin PBXResourcesBuildPhase section */
		8ED9E96B227172AC0080AC09 /* Resources */ = {
			isa = PBXResourcesBuildPhase;
			buildActionMask = 2147483647;
			files = (
				8ED9E97B227172AE0080AC09 /* LaunchScreen.storyboard in Resources */,
				8ED9E988227174E10080AC09 /* ShoppingTableViewCell.xib in Resources */,
				8ED9E978227172AE0080AC09 /* Assets.xcassets in Resources */,
				8ED9E976227172AC0080AC09 /* Main.storyboard in Resources */,
			);
			runOnlyForDeploymentPostprocessing = 0;
		};
/* End PBXResourcesBuildPhase section */

/* Begin PBXSourcesBuildPhase section */
		8ED9E969227172AC0080AC09 /* Sources */ = {
			isa = PBXSourcesBuildPhase;
			buildActionMask = 2147483647;
			files = (
				8ED9E973227172AC0080AC09 /* ViewController.swift in Sources */,
				8ED9E987227174E10080AC09 /* ShoppingTableViewCell.swift in Sources */,
				8ED9E971227172AC0080AC09 /* AppDelegate.swift in Sources */,
				8ED9E98A227174F70080AC09 /* ShoppingData.swift in Sources */,
			);
			runOnlyForDeploymentPostprocessing = 0;
		};
/* End PBXSourcesBuildPhase section */

/* Begin PBXVariantGroup section */
		8ED9E974227172AC0080AC09 /* Main.storyboard */ = {
			isa = PBXVariantGroup;
			children = (
				8ED9E975227172AC0080AC09 /* Base */,
			);
			name = Main.storyboard;
			sourceTree = "<group>";
		};
		8ED9E979227172AE0080AC09 /* LaunchScreen.storyboard */ = {
			isa = PBXVariantGroup;
			children = (
				8ED9E97A227172AE0080AC09 /* Base */,
			);
			name = LaunchScreen.storyboard;
			sourceTree = "<group>";
		};
/* End PBXVariantGroup section */

/* Begin XCBuildConfiguration section */
		8ED9E97D227172AE0080AC09 /* Debug */ = {
			isa = XCBuildConfiguration;
			buildSettings = {
				ALWAYS_SEARCH_USER_PATHS = NO;
				CLANG_ANALYZER_NONNULL = YES;
				CLANG_ANALYZER_NUMBER_OBJECT_CONVERSION = YES_AGGRESSIVE;
				CLANG_CXX_LANGUAGE_STANDARD = "gnu++14";
				CLANG_CXX_LIBRARY = "libc++";
				CLANG_ENABLE_MODULES = YES;
				CLANG_ENABLE_OBJC_ARC = YES;
				CLANG_ENABLE_OBJC_WEAK = YES;
				CLANG_WARN_BLOCK_CAPTURE_AUTORELEASING = YES;
				CLANG_WARN_BOOL_CONVERSION = YES;
				CLANG_WARN_COMMA = YES;
				CLANG_WARN_CONSTANT_CONVERSION = YES;
				CLANG_WARN_DEPRECATED_OBJC_IMPLEMENTATIONS = YES;
				CLANG_WARN_DIRECT_OBJC_ISA_USAGE = YES_ERROR;
				CLANG_WARN_DOCUMENTATION_COMMENTS = YES;
				CLANG_WARN_EMPTY_BODY = YES;
				CLANG_WARN_ENUM_CONVERSION = YES;
				CLANG_WARN_INFINITE_RECURSION = YES;
				CLANG_WARN_INT_CONVERSION = YES;
				CLANG_WARN_NON_LITERAL_NULL_CONVERSION = YES;
				CLANG_WARN_OBJC_IMPLICIT_RETAIN_SELF = YES;
				CLANG_WARN_OBJC_LITERAL_CONVERSION = YES;
				CLANG_WARN_OBJC_ROOT_CLASS = YES_ERROR;
				CLANG_WARN_RANGE_LOOP_ANALYSIS = YES;
				CLANG_WARN_STRICT_PROTOTYPES = YES;
				CLANG_WARN_SUSPICIOUS_MOVE = YES;
				CLANG_WARN_UNGUARDED_AVAILABILITY = YES_AGGRESSIVE;
				CLANG_WARN_UNREACHABLE_CODE = YES;
				CLANG_WARN__DUPLICATE_METHOD_MATCH = YES;
				CODE_SIGN_IDENTITY = "iPhone Developer";
				COPY_PHASE_STRIP = NO;
				DEBUG_INFORMATION_FORMAT = dwarf;
				ENABLE_STRICT_OBJC_MSGSEND = YES;
				ENABLE_TESTABILITY = YES;
				GCC_C_LANGUAGE_STANDARD = gnu11;
				GCC_DYNAMIC_NO_PIC = NO;
				GCC_NO_COMMON_BLOCKS = YES;
				GCC_OPTIMIZATION_LEVEL = 0;
				GCC_PREPROCESSOR_DEFINITIONS = (
					"DEBUG=1",
					"$(inherited)",
				);
				GCC_WARN_64_TO_32_BIT_CONVERSION = YES;
				GCC_WARN_ABOUT_RETURN_TYPE = YES_ERROR;
				GCC_WARN_UNDECLARED_SELECTOR = YES;
				GCC_WARN_UNINITIALIZED_AUTOS = YES_AGGRESSIVE;
				GCC_WARN_UNUSED_FUNCTION = YES;
				GCC_WARN_UNUSED_VARIABLE = YES;
				IPHONEOS_DEPLOYMENT_TARGET = 12.2;
				MTL_ENABLE_DEBUG_INFO = INCLUDE_SOURCE;
				MTL_FAST_MATH = YES;
				ONLY_ACTIVE_ARCH = YES;
				SDKROOT = iphoneos;
				SWIFT_ACTIVE_COMPILATION_CONDITIONS = DEBUG;
				SWIFT_OPTIMIZATION_LEVEL = "-Onone";
			};
			name = Debug;
		};
		8ED9E97E227172AE0080AC09 /* Release */ = {
			isa = XCBuildConfiguration;
			buildSettings = {
				ALWAYS_SEARCH_USER_PATHS = NO;
				CLANG_ANALYZER_NONNULL = YES;
				CLANG_ANALYZER_NUMBER_OBJECT_CONVERSION = YES_AGGRESSIVE;
				CLANG_CXX_LANGUAGE_STANDARD = "gnu++14";
				CLANG_CXX_LIBRARY = "libc++";
				CLANG_ENABLE_MODULES = YES;
				CLANG_ENABLE_OBJC_ARC = YES;
				CLANG_ENABLE_OBJC_WEAK = YES;
				CLANG_WARN_BLOCK_CAPTURE_AUTORELEASING = YES;
				CLANG_WARN_BOOL_CONVERSION = YES;
				CLANG_WARN_COMMA = YES;
				CLANG_WARN_CONSTANT_CONVERSION = YES;
				CLANG_WARN_DEPRECATED_OBJC_IMPLEMENTATIONS = YES;
				CLANG_WARN_DIRECT_OBJC_ISA_USAGE = YES_ERROR;
				CLANG_WARN_DOCUMENTATION_COMMENTS = YES;
				CLANG_WARN_EMPTY_BODY = YES;
				CLANG_WARN_ENUM_CONVERSION = YES;
				CLANG_WARN_INFINITE_RECURSION = YES;
				CLANG_WARN_INT_CONVERSION = YES;
				CLANG_WARN_NON_LITERAL_NULL_CONVERSION = YES;
				CLANG_WARN_OBJC_IMPLICIT_RETAIN_SELF = YES;
				CLANG_WARN_OBJC_LITERAL_CONVERSION = YES;
				CLANG_WARN_OBJC_ROOT_CLASS = YES_ERROR;
				CLANG_WARN_RANGE_LOOP_ANALYSIS = YES;
				CLANG_WARN_STRICT_PROTOTYPES = YES;
				CLANG_WARN_SUSPICIOUS_MOVE = YES;
				CLANG_WARN_UNGUARDED_AVAILABILITY = YES_AGGRESSIVE;
				CLANG_WARN_UNREACHABLE_CODE = YES;
				CLANG_WARN__DUPLICATE_METHOD_MATCH = YES;
				CODE_SIGN_IDENTITY = "iPhone Developer";
				COPY_PHASE_STRIP = NO;
				DEBUG_INFORMATION_FORMAT = "dwarf-with-dsym";
				ENABLE_NS_ASSERTIONS = NO;
				ENABLE_STRICT_OBJC_MSGSEND = YES;
				GCC_C_LANGUAGE_STANDARD = gnu11;
				GCC_NO_COMMON_BLOCKS = YES;
				GCC_WARN_64_TO_32_BIT_CONVERSION = YES;
				GCC_WARN_ABOUT_RETURN_TYPE = YES_ERROR;
				GCC_WARN_UNDECLARED_SELECTOR = YES;
				GCC_WARN_UNINITIALIZED_AUTOS = YES_AGGRESSIVE;
				GCC_WARN_UNUSED_FUNCTION = YES;
				GCC_WARN_UNUSED_VARIABLE = YES;
				IPHONEOS_DEPLOYMENT_TARGET = 12.2;
				MTL_ENABLE_DEBUG_INFO = NO;
				MTL_FAST_MATH = YES;
				SDKROOT = iphoneos;
				SWIFT_COMPILATION_MODE = wholemodule;
				SWIFT_OPTIMIZATION_LEVEL = "-O";
				VALIDATE_PRODUCT = YES;
			};
			name = Release;
		};
		8ED9E980227172AE0080AC09 /* Debug */ = {
			isa = XCBuildConfiguration;
			buildSettings = {
				ASSETCATALOG_COMPILER_APPICON_NAME = AppIcon;
				CODE_SIGN_STYLE = Automatic;
				DEVELOPMENT_TEAM = KH53J489YG;
				INFOPLIST_FILE = ShoppingItem/Info.plist;
				LD_RUNPATH_SEARCH_PATHS = (
					"$(inherited)",
					"@executable_path/Frameworks",
				);
				PRODUCT_BUNDLE_IDENTIFIER = iosSchool.ShoppingItem;
				PRODUCT_NAME = "$(TARGET_NAME)";
				SWIFT_VERSION = 5.0;
				TARGETED_DEVICE_FAMILY = "1,2";
			};
			name = Debug;
		};
		8ED9E981227172AE0080AC09 /* Release */ = {
			isa = XCBuildConfiguration;
			buildSettings = {
				ASSETCATALOG_COMPILER_APPICON_NAME = AppIcon;
				CODE_SIGN_STYLE = Automatic;
				DEVELOPMENT_TEAM = KH53J489YG;
				INFOPLIST_FILE = ShoppingItem/Info.plist;
				LD_RUNPATH_SEARCH_PATHS = (
					"$(inherited)",
					"@executable_path/Frameworks",
				);
				PRODUCT_BUNDLE_IDENTIFIER = iosSchool.ShoppingItem;
				PRODUCT_NAME = "$(TARGET_NAME)";
				SWIFT_VERSION = 5.0;
				TARGETED_DEVICE_FAMILY = "1,2";
			};
			name = Release;
		};
/* End XCBuildConfiguration section */

/* Begin XCConfigurationList section */
		8ED9E968227172AC0080AC09 /* Build configuration list for PBXProject "ShoppingItem" */ = {
			isa = XCConfigurationList;
			buildConfigurations = (
				8ED9E97D227172AE0080AC09 /* Debug */,
				8ED9E97E227172AE0080AC09 /* Release */,
			);
			defaultConfigurationIsVisible = 0;
			defaultConfigurationName = Release;
		};
		8ED9E97F227172AE0080AC09 /* Build configuration list for PBXNativeTarget "ShoppingItem" */ = {
			isa = XCConfigurationList;
			buildConfigurations = (
				8ED9E980227172AE0080AC09 /* Debug */,
				8ED9E981227172AE0080AC09 /* Release */,
			);
			defaultConfigurationIsVisible = 0;
			defaultConfigurationName = Release;
		};
/* End XCConfigurationList section */
	};
	rootObject = 8ED9E965227172AC0080AC09 /* Project object */;
}
