// !$*UTF8*$!
{
	archiveVersion = 1;
	classes = {
	};
	objectVersion = 50;
	objects = {

/* Begin PBXBuildFile section */
		8E1F2C4C2272D89400E23558 /* Pizza.swift in Sources */ = {isa = PBXBuildFile; fileRef = 8E1F2C4B2272D89400E23558 /* Pizza.swift */; };
		8E1F2C4E2272D98E00E23558 /* DataManager.swift in Sources */ = {isa = PBXBuildFile; fileRef = 8E1F2C4D2272D98E00E23558 /* DataManager.swift */; };
		8E1F2C512272DF1A00E23558 /* CategoryTableViewCell.swift in Sources */ = {isa = PBXBuildFile; fileRef = 8E1F2C4F2272DF1A00E23558 /* CategoryTableViewCell.swift */; };
		8E1F2C522272DF1A00E23558 /* CategoryTableViewCell.xib in Resources */ = {isa = PBXBuildFile; fileRef = 8E1F2C502272DF1A00E23558 /* CategoryTableViewCell.xib */; };
		8E1F2C542272E3C700E23558 /* HeaderView.swift in Sources */ = {isa = PBXBuildFile; fileRef = 8E1F2C532272E3C700E23558 /* HeaderView.swift */; };
		8E1F2C572272F07F00E23558 /* ProductTableViewCell.swift in Sources */ = {isa = PBXBuildFile; fileRef = 8E1F2C552272F07F00E23558 /* ProductTableViewCell.swift */; };
		8E1F2C582272F07F00E23558 /* ProductTableViewCell.xib in Resources */ = {isa = PBXBuildFile; fileRef = 8E1F2C562272F07F00E23558 /* ProductTableViewCell.xib */; };
		F567CDCC226FFC8000B5A672 /* AppDelegate.swift in Sources */ = {isa = PBXBuildFile; fileRef = F567CDCB226FFC8000B5A672 /* AppDelegate.swift */; };
		F567CDCE226FFC8000B5A672 /* CategoryViewController.swift in Sources */ = {isa = PBXBuildFile; fileRef = F567CDCD226FFC8000B5A672 /* CategoryViewController.swift */; };
		F567CDD1226FFC8000B5A672 /* Main.storyboard in Resources */ = {isa = PBXBuildFile; fileRef = F567CDCF226FFC8000B5A672 /* Main.storyboard */; };
		F567CDD3226FFC8100B5A672 /* Assets.xcassets in Resources */ = {isa = PBXBuildFile; fileRef = F567CDD2226FFC8100B5A672 /* Assets.xcassets */; };
		F567CDD6226FFC8100B5A672 /* LaunchScreen.storyboard in Resources */ = {isa = PBXBuildFile; fileRef = F567CDD4226FFC8100B5A672 /* LaunchScreen.storyboard */; };
		F567CDDE226FFCE800B5A672 /* ProductViewController.swift in Sources */ = {isa = PBXBuildFile; fileRef = F567CDDD226FFCE800B5A672 /* ProductViewController.swift */; };
		F567CDE0226FFCF800B5A672 /* DetailViewController.swift in Sources */ = {isa = PBXBuildFile; fileRef = F567CDDF226FFCF800B5A672 /* DetailViewController.swift */; };
		F567CDE2226FFD0400B5A672 /* WishListViewController.swift in Sources */ = {isa = PBXBuildFile; fileRef = F567CDE1226FFD0400B5A672 /* WishListViewController.swift */; };
/* End PBXBuildFile section */

/* Begin PBXFileReference section */
		8E1F2C4B2272D89400E23558 /* Pizza.swift */ = {isa = PBXFileReference; lastKnownFileType = sourcecode.swift; path = Pizza.swift; sourceTree = "<group>"; };
		8E1F2C4D2272D98E00E23558 /* DataManager.swift */ = {isa = PBXFileReference; lastKnownFileType = sourcecode.swift; path = DataManager.swift; sourceTree = "<group>"; };
		8E1F2C4F2272DF1A00E23558 /* CategoryTableViewCell.swift */ = {isa = PBXFileReference; lastKnownFileType = sourcecode.swift; path = CategoryTableViewCell.swift; sourceTree = "<group>"; };
		8E1F2C502272DF1A00E23558 /* CategoryTableViewCell.xib */ = {isa = PBXFileReference; lastKnownFileType = file.xib; path = CategoryTableViewCell.xib; sourceTree = "<group>"; };
		8E1F2C532272E3C700E23558 /* HeaderView.swift */ = {isa = PBXFileReference; lastKnownFileType = sourcecode.swift; path = HeaderView.swift; sourceTree = "<group>"; };
		8E1F2C552272F07F00E23558 /* ProductTableViewCell.swift */ = {isa = PBXFileReference; lastKnownFileType = sourcecode.swift; path = ProductTableViewCell.swift; sourceTree = "<group>"; };
		8E1F2C562272F07F00E23558 /* ProductTableViewCell.xib */ = {isa = PBXFileReference; lastKnownFileType = file.xib; path = ProductTableViewCell.xib; sourceTree = "<group>"; };
		F567CDC8226FFC8000B5A672 /* DominoPizzaExam.app */ = {isa = PBXFileReference; explicitFileType = wrapper.application; includeInIndex = 0; path = DominoPizzaExam.app; sourceTree = BUILT_PRODUCTS_DIR; };
		F567CDCB226FFC8000B5A672 /* AppDelegate.swift */ = {isa = PBXFileReference; lastKnownFileType = sourcecode.swift; path = AppDelegate.swift; sourceTree = "<group>"; };
		F567CDCD226FFC8000B5A672 /* CategoryViewController.swift */ = {isa = PBXFileReference; lastKnownFileType = sourcecode.swift; path = CategoryViewController.swift; sourceTree = "<group>"; };
		F567CDD0226FFC8000B5A672 /* Base */ = {isa = PBXFileReference; lastKnownFileType = file.storyboard; name = Base; path = Base.lproj/Main.storyboard; sourceTree = "<group>"; };
		F567CDD2226FFC8100B5A672 /* Assets.xcassets */ = {isa = PBXFileReference; lastKnownFileType = folder.assetcatalog; path = Assets.xcassets; sourceTree = "<group>"; };
		F567CDD5226FFC8100B5A672 /* Base */ = {isa = PBXFileReference; lastKnownFileType = file.storyboard; name = Base; path = Base.lproj/LaunchScreen.storyboard; sourceTree = "<group>"; };
		F567CDD7226FFC8100B5A672 /* Info.plist */ = {isa = PBXFileReference; lastKnownFileType = text.plist.xml; path = Info.plist; sourceTree = "<group>"; };
		F567CDDD226FFCE800B5A672 /* ProductViewController.swift */ = {isa = PBXFileReference; lastKnownFileType = sourcecode.swift; path = ProductViewController.swift; sourceTree = "<group>"; };
		F567CDDF226FFCF800B5A672 /* DetailViewController.swift */ = {isa = PBXFileReference; lastKnownFileType = sourcecode.swift; path = DetailViewController.swift; sourceTree = "<group>"; };
		F567CDE1226FFD0400B5A672 /* WishListViewController.swift */ = {isa = PBXFileReference; lastKnownFileType = sourcecode.swift; path = WishListViewController.swift; sourceTree = "<group>"; };
/* End PBXFileReference section */

/* Begin PBXFrameworksBuildPhase section */
		F567CDC5226FFC8000B5A672 /* Frameworks */ = {
			isa = PBXFrameworksBuildPhase;
			buildActionMask = 2147483647;
			files = (
			);
			runOnlyForDeploymentPostprocessing = 0;
		};
/* End PBXFrameworksBuildPhase section */

/* Begin PBXGroup section */
		8E1F2C482272D78900E23558 /* Controller */ = {
			isa = PBXGroup;
			children = (
				F567CDCD226FFC8000B5A672 /* CategoryViewController.swift */,
				F567CDDD226FFCE800B5A672 /* ProductViewController.swift */,
				F567CDDF226FFCF800B5A672 /* DetailViewController.swift */,
				F567CDE1226FFD0400B5A672 /* WishListViewController.swift */,
			);
			path = Controller;
			sourceTree = "<group>";
		};
		8E1F2C492272D79B00E23558 /* Model */ = {
			isa = PBXGroup;
			children = (
				8E1F2C4B2272D89400E23558 /* Pizza.swift */,
				8E1F2C4D2272D98E00E23558 /* DataManager.swift */,
			);
			path = Model;
			sourceTree = "<group>";
		};
		8E1F2C4A2272D7AA00E23558 /* View */ = {
			isa = PBXGroup;
			children = (
				8E1F2C532272E3C700E23558 /* HeaderView.swift */,
				8E1F2C4F2272DF1A00E23558 /* CategoryTableViewCell.swift */,
				8E1F2C502272DF1A00E23558 /* CategoryTableViewCell.xib */,
				8E1F2C552272F07F00E23558 /* ProductTableViewCell.swift */,
				8E1F2C562272F07F00E23558 /* ProductTableViewCell.xib */,
			);
			path = View;
			sourceTree = "<group>";
		};
		F567CDBF226FFC8000B5A672 = {
			isa = PBXGroup;
			children = (
				F567CDCA226FFC8000B5A672 /* DominoPizzaExam */,
				F567CDC9226FFC8000B5A672 /* Products */,
			);
			sourceTree = "<group>";
		};
		F567CDC9226FFC8000B5A672 /* Products */ = {
			isa = PBXGroup;
			children = (
				F567CDC8226FFC8000B5A672 /* DominoPizzaExam.app */,
			);
			name = Products;
			sourceTree = "<group>";
		};
		F567CDCA226FFC8000B5A672 /* DominoPizzaExam */ = {
			isa = PBXGroup;
			children = (
				F567CDCB226FFC8000B5A672 /* AppDelegate.swift */,
				8E1F2C492272D79B00E23558 /* Model */,
				8E1F2C4A2272D7AA00E23558 /* View */,
				8E1F2C482272D78900E23558 /* Controller */,
				F567CDCF226FFC8000B5A672 /* Main.storyboard */,
				F567CDD2226FFC8100B5A672 /* Assets.xcassets */,
				F567CDD4226FFC8100B5A672 /* LaunchScreen.storyboard */,
				F567CDD7226FFC8100B5A672 /* Info.plist */,
			);
			path = DominoPizzaExam;
			sourceTree = "<group>";
		};
/* End PBXGroup section */

/* Begin PBXNativeTarget section */
		F567CDC7226FFC8000B5A672 /* DominoPizzaExam */ = {
			isa = PBXNativeTarget;
			buildConfigurationList = F567CDDA226FFC8100B5A672 /* Build configuration list for PBXNativeTarget "DominoPizzaExam" */;
			buildPhases = (
				F567CDC4226FFC8000B5A672 /* Sources */,
				F567CDC5226FFC8000B5A672 /* Frameworks */,
				F567CDC6226FFC8000B5A672 /* Resources */,
			);
			buildRules = (
			);
			dependencies = (
			);
			name = DominoPizzaExam;
			productName = DominoPizzaExam;
			productReference = F567CDC8226FFC8000B5A672 /* DominoPizzaExam.app */;
			productType = "com.apple.product-type.application";
		};
/* End PBXNativeTarget section */

/* Begin PBXProject section */
		F567CDC0226FFC8000B5A672 /* Project object */ = {
			isa = PBXProject;
			attributes = {
				LastSwiftUpdateCheck = 1020;
				LastUpgradeCheck = 1020;
				ORGANIZATIONNAME = Kira;
				TargetAttributes = {
					F567CDC7226FFC8000B5A672 = {
						CreatedOnToolsVersion = 10.2.1;
					};
				};
			};
			buildConfigurationList = F567CDC3226FFC8000B5A672 /* Build configuration list for PBXProject "DominoPizzaExam" */;
			compatibilityVersion = "Xcode 9.3";
			developmentRegion = en;
			hasScannedForEncodings = 0;
			knownRegions = (
				en,
				Base,
			);
			mainGroup = F567CDBF226FFC8000B5A672;
			productRefGroup = F567CDC9226FFC8000B5A672 /* Products */;
			projectDirPath = "";
			projectRoot = "";
			targets = (
				F567CDC7226FFC8000B5A672 /* DominoPizzaExam */,
			);
		};
/* End PBXProject section */

/* Begin PBXResourcesBuildPhase section */
		F567CDC6226FFC8000B5A672 /* Resources */ = {
			isa = PBXResourcesBuildPhase;
			buildActionMask = 2147483647;
			files = (
				F567CDD6226FFC8100B5A672 /* LaunchScreen.storyboard in Resources */,
				F567CDD3226FFC8100B5A672 /* Assets.xcassets in Resources */,
				8E1F2C582272F07F00E23558 /* ProductTableViewCell.xib in Resources */,
				F567CDD1226FFC8000B5A672 /* Main.storyboard in Resources */,
				8E1F2C522272DF1A00E23558 /* CategoryTableViewCell.xib in Resources */,
			);
			runOnlyForDeploymentPostprocessing = 0;
		};
/* End PBXResourcesBuildPhase section */

/* Begin PBXSourcesBuildPhase section */
		F567CDC4226FFC8000B5A672 /* Sources */ = {
			isa = PBXSourcesBuildPhase;
			buildActionMask = 2147483647;
			files = (
				F567CDDE226FFCE800B5A672 /* ProductViewController.swift in Sources */,
				8E1F2C542272E3C700E23558 /* HeaderView.swift in Sources */,
				F567CDE2226FFD0400B5A672 /* WishListViewController.swift in Sources */,
				F567CDCE226FFC8000B5A672 /* CategoryViewController.swift in Sources */,
				8E1F2C4E2272D98E00E23558 /* DataManager.swift in Sources */,
				F567CDCC226FFC8000B5A672 /* AppDelegate.swift in Sources */,
				F567CDE0226FFCF800B5A672 /* DetailViewController.swift in Sources */,
				8E1F2C572272F07F00E23558 /* ProductTableViewCell.swift in Sources */,
				8E1F2C4C2272D89400E23558 /* Pizza.swift in Sources */,
				8E1F2C512272DF1A00E23558 /* CategoryTableViewCell.swift in Sources */,
			);
			runOnlyForDeploymentPostprocessing = 0;
		};
/* End PBXSourcesBuildPhase section */

/* Begin PBXVariantGroup section */
		F567CDCF226FFC8000B5A672 /* Main.storyboard */ = {
			isa = PBXVariantGroup;
			children = (
				F567CDD0226FFC8000B5A672 /* Base */,
			);
			name = Main.storyboard;
			sourceTree = "<group>";
		};
		F567CDD4226FFC8100B5A672 /* LaunchScreen.storyboard */ = {
			isa = PBXVariantGroup;
			children = (
				F567CDD5226FFC8100B5A672 /* Base */,
			);
			name = LaunchScreen.storyboard;
			sourceTree = "<group>";
		};
/* End PBXVariantGroup section */

/* Begin XCBuildConfiguration section */
		F567CDD8226FFC8100B5A672 /* Debug */ = {
			isa = XCBuildConfiguration;
			buildSettings = {
				ALWAYS_SEARCH_USER_PATHS = NO;
				CLANG_ANALYZER_NONNULL = YES;
				CLANG_ANALYZER_NUMBER_OBJECT_CONVERSION = YES_AGGRESSIVE;
				CLANG_CXX_LANGUAGE_STANDARD = "gnu++14";
				CLANG_CXX_LIBRARY = "libc++";
				CLANG_ENABLE_MODULES = YES;
				CLANG_ENABLE_OBJC_ARC = YES;
				CLANG_ENABLE_OBJC_WEAK = YES;
				CLANG_WARN_BLOCK_CAPTURE_AUTORELEASING = YES;
				CLANG_WARN_BOOL_CONVERSION = YES;
				CLANG_WARN_COMMA = YES;
				CLANG_WARN_CONSTANT_CONVERSION = YES;
				CLANG_WARN_DEPRECATED_OBJC_IMPLEMENTATIONS = YES;
				CLANG_WARN_DIRECT_OBJC_ISA_USAGE = YES_ERROR;
				CLANG_WARN_DOCUMENTATION_COMMENTS = YES;
				CLANG_WARN_EMPTY_BODY = YES;
				CLANG_WARN_ENUM_CONVERSION = YES;
				CLANG_WARN_INFINITE_RECURSION = YES;
				CLANG_WARN_INT_CONVERSION = YES;
				CLANG_WARN_NON_LITERAL_NULL_CONVERSION = YES;
				CLANG_WARN_OBJC_IMPLICIT_RETAIN_SELF = YES;
				CLANG_WARN_OBJC_LITERAL_CONVERSION = YES;
				CLANG_WARN_OBJC_ROOT_CLASS = YES_ERROR;
				CLANG_WARN_RANGE_LOOP_ANALYSIS = YES;
				CLANG_WARN_STRICT_PROTOTYPES = YES;
				CLANG_WARN_SUSPICIOUS_MOVE = YES;
				CLANG_WARN_UNGUARDED_AVAILABILITY = YES_AGGRESSIVE;
				CLANG_WARN_UNREACHABLE_CODE = YES;
				CLANG_WARN__DUPLICATE_METHOD_MATCH = YES;
				CODE_SIGN_IDENTITY = "iPhone Developer";
				COPY_PHASE_STRIP = NO;
				DEBUG_INFORMATION_FORMAT = dwarf;
				ENABLE_STRICT_OBJC_MSGSEND = YES;
				ENABLE_TESTABILITY = YES;
				GCC_C_LANGUAGE_STANDARD = gnu11;
				GCC_DYNAMIC_NO_PIC = NO;
				GCC_NO_COMMON_BLOCKS = YES;
				GCC_OPTIMIZATION_LEVEL = 0;
				GCC_PREPROCESSOR_DEFINITIONS = (
					"DEBUG=1",
					"$(inherited)",
				);
				GCC_WARN_64_TO_32_BIT_CONVERSION = YES;
				GCC_WARN_ABOUT_RETURN_TYPE = YES_ERROR;
				GCC_WARN_UNDECLARED_SELECTOR = YES;
				GCC_WARN_UNINITIALIZED_AUTOS = YES_AGGRESSIVE;
				GCC_WARN_UNUSED_FUNCTION = YES;
				GCC_WARN_UNUSED_VARIABLE = YES;
				IPHONEOS_DEPLOYMENT_TARGET = 12.2;
				MTL_ENABLE_DEBUG_INFO = INCLUDE_SOURCE;
				MTL_FAST_MATH = YES;
				ONLY_ACTIVE_ARCH = YES;
				SDKROOT = iphoneos;
				SWIFT_ACTIVE_COMPILATION_CONDITIONS = DEBUG;
				SWIFT_OPTIMIZATION_LEVEL = "-Onone";
			};
			name = Debug;
		};
		F567CDD9226FFC8100B5A672 /* Release */ = {
			isa = XCBuildConfiguration;
			buildSettings = {
				ALWAYS_SEARCH_USER_PATHS = NO;
				CLANG_ANALYZER_NONNULL = YES;
				CLANG_ANALYZER_NUMBER_OBJECT_CONVERSION = YES_AGGRESSIVE;
				CLANG_CXX_LANGUAGE_STANDARD = "gnu++14";
				CLANG_CXX_LIBRARY = "libc++";
				CLANG_ENABLE_MODULES = YES;
				CLANG_ENABLE_OBJC_ARC = YES;
				CLANG_ENABLE_OBJC_WEAK = YES;
				CLANG_WARN_BLOCK_CAPTURE_AUTORELEASING = YES;
				CLANG_WARN_BOOL_CONVERSION = YES;
				CLANG_WARN_COMMA = YES;
				CLANG_WARN_CONSTANT_CONVERSION = YES;
				CLANG_WARN_DEPRECATED_OBJC_IMPLEMENTATIONS = YES;
				CLANG_WARN_DIRECT_OBJC_ISA_USAGE = YES_ERROR;
				CLANG_WARN_DOCUMENTATION_COMMENTS = YES;
				CLANG_WARN_EMPTY_BODY = YES;
				CLANG_WARN_ENUM_CONVERSION = YES;
				CLANG_WARN_INFINITE_RECURSION = YES;
				CLANG_WARN_INT_CONVERSION = YES;
				CLANG_WARN_NON_LITERAL_NULL_CONVERSION = YES;
				CLANG_WARN_OBJC_IMPLICIT_RETAIN_SELF = YES;
				CLANG_WARN_OBJC_LITERAL_CONVERSION = YES;
				CLANG_WARN_OBJC_ROOT_CLASS = YES_ERROR;
				CLANG_WARN_RANGE_LOOP_ANALYSIS = YES;
				CLANG_WARN_STRICT_PROTOTYPES = YES;
				CLANG_WARN_SUSPICIOUS_MOVE = YES;
				CLANG_WARN_UNGUARDED_AVAILABILITY = YES_AGGRESSIVE;
				CLANG_WARN_UNREACHABLE_CODE = YES;
				CLANG_WARN__DUPLICATE_METHOD_MATCH = YES;
				CODE_SIGN_IDENTITY = "iPhone Developer";
				COPY_PHASE_STRIP = NO;
				DEBUG_INFORMATION_FORMAT = "dwarf-with-dsym";
				ENABLE_NS_ASSERTIONS = NO;
				ENABLE_STRICT_OBJC_MSGSEND = YES;
				GCC_C_LANGUAGE_STANDARD = gnu11;
				GCC_NO_COMMON_BLOCKS = YES;
				GCC_WARN_64_TO_32_BIT_CONVERSION = YES;
				GCC_WARN_ABOUT_RETURN_TYPE = YES_ERROR;
				GCC_WARN_UNDECLARED_SELECTOR = YES;
				GCC_WARN_UNINITIALIZED_AUTOS = YES_AGGRESSIVE;
				GCC_WARN_UNUSED_FUNCTION = YES;
				GCC_WARN_UNUSED_VARIABLE = YES;
				IPHONEOS_DEPLOYMENT_TARGET = 12.2;
				MTL_ENABLE_DEBUG_INFO = NO;
				MTL_FAST_MATH = YES;
				SDKROOT = iphoneos;
				SWIFT_COMPILATION_MODE = wholemodule;
				SWIFT_OPTIMIZATION_LEVEL = "-O";
				VALIDATE_PRODUCT = YES;
			};
			name = Release;
		};
		F567CDDB226FFC8100B5A672 /* Debug */ = {
			isa = XCBuildConfiguration;
			buildSettings = {
				ASSETCATALOG_COMPILER_APPICON_NAME = AppIcon;
				CODE_SIGN_STYLE = Automatic;
				INFOPLIST_FILE = DominoPizzaExam/Info.plist;
				LD_RUNPATH_SEARCH_PATHS = (
					"$(inherited)",
					"@executable_path/Frameworks",
				);
				PRODUCT_BUNDLE_IDENTIFIER = com.github.kira1021.DominoPizzaExam;
				PRODUCT_NAME = "$(TARGET_NAME)";
				SWIFT_VERSION = 5.0;
				TARGETED_DEVICE_FAMILY = "1,2";
			};
			name = Debug;
		};
		F567CDDC226FFC8100B5A672 /* Release */ = {
			isa = XCBuildConfiguration;
			buildSettings = {
				ASSETCATALOG_COMPILER_APPICON_NAME = AppIcon;
				CODE_SIGN_STYLE = Automatic;
				INFOPLIST_FILE = DominoPizzaExam/Info.plist;
				LD_RUNPATH_SEARCH_PATHS = (
					"$(inherited)",
					"@executable_path/Frameworks",
				);
				PRODUCT_BUNDLE_IDENTIFIER = com.github.kira1021.DominoPizzaExam;
				PRODUCT_NAME = "$(TARGET_NAME)";
				SWIFT_VERSION = 5.0;
				TARGETED_DEVICE_FAMILY = "1,2";
			};
			name = Release;
		};
/* End XCBuildConfiguration section */

/* Begin XCConfigurationList section */
		F567CDC3226FFC8000B5A672 /* Build configuration list for PBXProject "DominoPizzaExam" */ = {
			isa = XCConfigurationList;
			buildConfigurations = (
				F567CDD8226FFC8100B5A672 /* Debug */,
				F567CDD9226FFC8100B5A672 /* Release */,
			);
			defaultConfigurationIsVisible = 0;
			defaultConfigurationName = Release;
		};
		F567CDDA226FFC8100B5A672 /* Build configuration list for PBXNativeTarget "DominoPizzaExam" */ = {
			isa = XCConfigurationList;
			buildConfigurations = (
				F567CDDB226FFC8100B5A672 /* Debug */,
				F567CDDC226FFC8100B5A672 /* Release */,
			);
			defaultConfigurationIsVisible = 0;
			defaultConfigurationName = Release;
		};
/* End XCConfigurationList section */
	};
	rootObject = F567CDC0226FFC8000B5A672 /* Project object */;
}
