// !$*UTF8*$!
{
	archiveVersion = 1;
	classes = {
	};
	objectVersion = 50;
	objects = {

/* Begin PBXBuildFile section */
		8E0305E422927A03001FD4C0 /* AppDelegate.swift in Sources */ = {isa = PBXBuildFile; fileRef = 8E0305E322927A03001FD4C0 /* AppDelegate.swift */; };
		8E0305E922927A03001FD4C0 /* Main.storyboard in Resources */ = {isa = PBXBuildFile; fileRef = 8E0305E722927A03001FD4C0 /* Main.storyboard */; };
		8E0305EB22927A05001FD4C0 /* Assets.xcassets in Resources */ = {isa = PBXBuildFile; fileRef = 8E0305EA22927A05001FD4C0 /* Assets.xcassets */; };
		8E0305EE22927A05001FD4C0 /* LaunchScreen.storyboard in Resources */ = {isa = PBXBuildFile; fileRef = 8E0305EC22927A05001FD4C0 /* LaunchScreen.storyboard */; };
		8E0305F922927BEE001FD4C0 /* KakaoOpenSDK.framework in Frameworks */ = {isa = PBXBuildFile; fileRef = 8E0305F822927BEE001FD4C0 /* KakaoOpenSDK.framework */; };
		8E0305FE229285F4001FD4C0 /* LoginViewController.swift in Sources */ = {isa = PBXBuildFile; fileRef = 8E0305FD229285F4001FD4C0 /* LoginViewController.swift */; };
		8E030600229285FC001FD4C0 /* MainViewController.swift in Sources */ = {isa = PBXBuildFile; fileRef = 8E0305FF229285FC001FD4C0 /* MainViewController.swift */; };
/* End PBXBuildFile section */

/* Begin PBXFileReference section */
		8E0305E022927A03001FD4C0 /* kakaoOAuthLoginAPI.app */ = {isa = PBXFileReference; explicitFileType = wrapper.application; includeInIndex = 0; path = kakaoOAuthLoginAPI.app; sourceTree = BUILT_PRODUCTS_DIR; };
		8E0305E322927A03001FD4C0 /* AppDelegate.swift */ = {isa = PBXFileReference; lastKnownFileType = sourcecode.swift; path = AppDelegate.swift; sourceTree = "<group>"; };
		8E0305E822927A03001FD4C0 /* Base */ = {isa = PBXFileReference; lastKnownFileType = file.storyboard; name = Base; path = Base.lproj/Main.storyboard; sourceTree = "<group>"; };
		8E0305EA22927A05001FD4C0 /* Assets.xcassets */ = {isa = PBXFileReference; lastKnownFileType = folder.assetcatalog; path = Assets.xcassets; sourceTree = "<group>"; };
		8E0305ED22927A05001FD4C0 /* Base */ = {isa = PBXFileReference; lastKnownFileType = file.storyboard; name = Base; path = Base.lproj/LaunchScreen.storyboard; sourceTree = "<group>"; };
		8E0305EF22927A05001FD4C0 /* Info.plist */ = {isa = PBXFileReference; lastKnownFileType = text.plist.xml; path = Info.plist; sourceTree = "<group>"; };
		8E0305F622927BB7001FD4C0 /* KakaoOpenSDK */ = {isa = PBXFileReference; lastKnownFileType = archive.ar; name = KakaoOpenSDK; path = kakaoOAuthLoginAPI/Framework/KakaoOpenSDK.framework/KakaoOpenSDK; sourceTree = "<group>"; };
		8E0305F822927BEE001FD4C0 /* KakaoOpenSDK.framework */ = {isa = PBXFileReference; lastKnownFileType = wrapper.framework; name = KakaoOpenSDK.framework; path = kakaoOAuthLoginAPI/Framework/KakaoOpenSDK.framework; sourceTree = "<group>"; };
		8E0305FA22927EAA001FD4C0 /* kakaoOAuthLoginAPI-Bridging-Header.h */ = {isa = PBXFileReference; lastKnownFileType = sourcecode.c.h; path = "kakaoOAuthLoginAPI-Bridging-Header.h"; sourceTree = "<group>"; };
		8E0305FD229285F4001FD4C0 /* LoginViewController.swift */ = {isa = PBXFileReference; lastKnownFileType = sourcecode.swift; path = LoginViewController.swift; sourceTree = "<group>"; };
		8E0305FF229285FC001FD4C0 /* MainViewController.swift */ = {isa = PBXFileReference; lastKnownFileType = sourcecode.swift; path = MainViewController.swift; sourceTree = "<group>"; };
/* End PBXFileReference section */

/* Begin PBXFrameworksBuildPhase section */
		8E0305DD22927A03001FD4C0 /* Frameworks */ = {
			isa = PBXFrameworksBuildPhase;
			buildActionMask = 2147483647;
			files = (
				8E0305F922927BEE001FD4C0 /* KakaoOpenSDK.framework in Frameworks */,
			);
			runOnlyForDeploymentPostprocessing = 0;
		};
/* End PBXFrameworksBuildPhase section */

/* Begin PBXGroup section */
		8E0305D722927A03001FD4C0 = {
			isa = PBXGroup;
			children = (
				8E0305E222927A03001FD4C0 /* kakaoOAuthLoginAPI */,
				8E0305E122927A03001FD4C0 /* Products */,
				8E0305F522927BB7001FD4C0 /* Frameworks */,
			);
			sourceTree = "<group>";
		};
		8E0305E122927A03001FD4C0 /* Products */ = {
			isa = PBXGroup;
			children = (
				8E0305E022927A03001FD4C0 /* kakaoOAuthLoginAPI.app */,
			);
			name = Products;
			sourceTree = "<group>";
		};
		8E0305E222927A03001FD4C0 /* kakaoOAuthLoginAPI */ = {
			isa = PBXGroup;
			children = (
				8E0305FA22927EAA001FD4C0 /* kakaoOAuthLoginAPI-Bridging-Header.h */,
				8E0305E322927A03001FD4C0 /* AppDelegate.swift */,
				8E0305FD229285F4001FD4C0 /* LoginViewController.swift */,
				8E0305FF229285FC001FD4C0 /* MainViewController.swift */,
				8E0305E722927A03001FD4C0 /* Main.storyboard */,
				8E0305EA22927A05001FD4C0 /* Assets.xcassets */,
				8E0305EC22927A05001FD4C0 /* LaunchScreen.storyboard */,
				8E0305EF22927A05001FD4C0 /* Info.plist */,
			);
			path = kakaoOAuthLoginAPI;
			sourceTree = "<group>";
		};
		8E0305F522927BB7001FD4C0 /* Frameworks */ = {
			isa = PBXGroup;
			children = (
				8E0305F822927BEE001FD4C0 /* KakaoOpenSDK.framework */,
				8E0305F622927BB7001FD4C0 /* KakaoOpenSDK */,
			);
			name = Frameworks;
			sourceTree = "<group>";
		};
/* End PBXGroup section */

/* Begin PBXNativeTarget section */
		8E0305DF22927A03001FD4C0 /* kakaoOAuthLoginAPI */ = {
			isa = PBXNativeTarget;
			buildConfigurationList = 8E0305F222927A05001FD4C0 /* Build configuration list for PBXNativeTarget "kakaoOAuthLoginAPI" */;
			buildPhases = (
				8E0305DC22927A03001FD4C0 /* Sources */,
				8E0305DD22927A03001FD4C0 /* Frameworks */,
				8E0305DE22927A03001FD4C0 /* Resources */,
			);
			buildRules = (
			);
			dependencies = (
			);
			name = kakaoOAuthLoginAPI;
			productName = kakaoOAuthLoginAPI;
			productReference = 8E0305E022927A03001FD4C0 /* kakaoOAuthLoginAPI.app */;
			productType = "com.apple.product-type.application";
		};
/* End PBXNativeTarget section */

/* Begin PBXProject section */
		8E0305D822927A03001FD4C0 /* Project object */ = {
			isa = PBXProject;
			attributes = {
				LastSwiftUpdateCheck = 1020;
				LastUpgradeCheck = 1020;
				ORGANIZATIONNAME = "chang sic jung";
				TargetAttributes = {
					8E0305DF22927A03001FD4C0 = {
						CreatedOnToolsVersion = 10.2.1;
						LastSwiftMigration = 1020;
					};
				};
			};
			buildConfigurationList = 8E0305DB22927A03001FD4C0 /* Build configuration list for PBXProject "kakaoOAuthLoginAPI" */;
			compatibilityVersion = "Xcode 9.3";
			developmentRegion = en;
			hasScannedForEncodings = 0;
			knownRegions = (
				en,
				Base,
			);
			mainGroup = 8E0305D722927A03001FD4C0;
			productRefGroup = 8E0305E122927A03001FD4C0 /* Products */;
			projectDirPath = "";
			projectRoot = "";
			targets = (
				8E0305DF22927A03001FD4C0 /* kakaoOAuthLoginAPI */,
			);
		};
/* End PBXProject section */

/* Begin PBXResourcesBuildPhase section */
		8E0305DE22927A03001FD4C0 /* Resources */ = {
			isa = PBXResourcesBuildPhase;
			buildActionMask = 2147483647;
			files = (
				8E0305EE22927A05001FD4C0 /* LaunchScreen.storyboard in Resources */,
				8E0305EB22927A05001FD4C0 /* Assets.xcassets in Resources */,
				8E0305E922927A03001FD4C0 /* Main.storyboard in Resources */,
			);
			runOnlyForDeploymentPostprocessing = 0;
		};
/* End PBXResourcesBuildPhase section */

/* Begin PBXSourcesBuildPhase section */
		8E0305DC22927A03001FD4C0 /* Sources */ = {
			isa = PBXSourcesBuildPhase;
			buildActionMask = 2147483647;
			files = (
				8E0305FE229285F4001FD4C0 /* LoginViewController.swift in Sources */,
				8E0305E422927A03001FD4C0 /* AppDelegate.swift in Sources */,
				8E030600229285FC001FD4C0 /* MainViewController.swift in Sources */,
			);
			runOnlyForDeploymentPostprocessing = 0;
		};
/* End PBXSourcesBuildPhase section */

/* Begin PBXVariantGroup section */
		8E0305E722927A03001FD4C0 /* Main.storyboard */ = {
			isa = PBXVariantGroup;
			children = (
				8E0305E822927A03001FD4C0 /* Base */,
			);
			name = Main.storyboard;
			sourceTree = "<group>";
		};
		8E0305EC22927A05001FD4C0 /* LaunchScreen.storyboard */ = {
			isa = PBXVariantGroup;
			children = (
				8E0305ED22927A05001FD4C0 /* Base */,
			);
			name = LaunchScreen.storyboard;
			sourceTree = "<group>";
		};
/* End PBXVariantGroup section */

/* Begin XCBuildConfiguration section */
		8E0305F022927A05001FD4C0 /* Debug */ = {
			isa = XCBuildConfiguration;
			buildSettings = {
				ALWAYS_SEARCH_USER_PATHS = NO;
				CLANG_ANALYZER_NONNULL = YES;
				CLANG_ANALYZER_NUMBER_OBJECT_CONVERSION = YES_AGGRESSIVE;
				CLANG_CXX_LANGUAGE_STANDARD = "gnu++14";
				CLANG_CXX_LIBRARY = "libc++";
				CLANG_ENABLE_MODULES = YES;
				CLANG_ENABLE_OBJC_ARC = YES;
				CLANG_ENABLE_OBJC_WEAK = YES;
				CLANG_WARN_BLOCK_CAPTURE_AUTORELEASING = YES;
				CLANG_WARN_BOOL_CONVERSION = YES;
				CLANG_WARN_COMMA = YES;
				CLANG_WARN_CONSTANT_CONVERSION = YES;
				CLANG_WARN_DEPRECATED_OBJC_IMPLEMENTATIONS = YES;
				CLANG_WARN_DIRECT_OBJC_ISA_USAGE = YES_ERROR;
				CLANG_WARN_DOCUMENTATION_COMMENTS = YES;
				CLANG_WARN_EMPTY_BODY = YES;
				CLANG_WARN_ENUM_CONVERSION = YES;
				CLANG_WARN_INFINITE_RECURSION = YES;
				CLANG_WARN_INT_CONVERSION = YES;
				CLANG_WARN_NON_LITERAL_NULL_CONVERSION = YES;
				CLANG_WARN_OBJC_IMPLICIT_RETAIN_SELF = YES;
				CLANG_WARN_OBJC_LITERAL_CONVERSION = YES;
				CLANG_WARN_OBJC_ROOT_CLASS = YES_ERROR;
				CLANG_WARN_RANGE_LOOP_ANALYSIS = YES;
				CLANG_WARN_STRICT_PROTOTYPES = YES;
				CLANG_WARN_SUSPICIOUS_MOVE = YES;
				CLANG_WARN_UNGUARDED_AVAILABILITY = YES_AGGRESSIVE;
				CLANG_WARN_UNREACHABLE_CODE = YES;
				CLANG_WARN__DUPLICATE_METHOD_MATCH = YES;
				CODE_SIGN_IDENTITY = "iPhone Developer";
				COPY_PHASE_STRIP = NO;
				DEBUG_INFORMATION_FORMAT = dwarf;
				ENABLE_STRICT_OBJC_MSGSEND = YES;
				ENABLE_TESTABILITY = YES;
				GCC_C_LANGUAGE_STANDARD = gnu11;
				GCC_DYNAMIC_NO_PIC = NO;
				GCC_NO_COMMON_BLOCKS = YES;
				GCC_OPTIMIZATION_LEVEL = 0;
				GCC_PREPROCESSOR_DEFINITIONS = (
					"DEBUG=1",
					"$(inherited)",
				);
				GCC_WARN_64_TO_32_BIT_CONVERSION = YES;
				GCC_WARN_ABOUT_RETURN_TYPE = YES_ERROR;
				GCC_WARN_UNDECLARED_SELECTOR = YES;
				GCC_WARN_UNINITIALIZED_AUTOS = YES_AGGRESSIVE;
				GCC_WARN_UNUSED_FUNCTION = YES;
				GCC_WARN_UNUSED_VARIABLE = YES;
				IPHONEOS_DEPLOYMENT_TARGET = 12.2;
				MTL_ENABLE_DEBUG_INFO = INCLUDE_SOURCE;
				MTL_FAST_MATH = YES;
				ONLY_ACTIVE_ARCH = YES;
				SDKROOT = iphoneos;
				SWIFT_ACTIVE_COMPILATION_CONDITIONS = DEBUG;
				SWIFT_OPTIMIZATION_LEVEL = "-Onone";
			};
			name = Debug;
		};
		8E0305F122927A05001FD4C0 /* Release */ = {
			isa = XCBuildConfiguration;
			buildSettings = {
				ALWAYS_SEARCH_USER_PATHS = NO;
				CLANG_ANALYZER_NONNULL = YES;
				CLANG_ANALYZER_NUMBER_OBJECT_CONVERSION = YES_AGGRESSIVE;
				CLANG_CXX_LANGUAGE_STANDARD = "gnu++14";
				CLANG_CXX_LIBRARY = "libc++";
				CLANG_ENABLE_MODULES = YES;
				CLANG_ENABLE_OBJC_ARC = YES;
				CLANG_ENABLE_OBJC_WEAK = YES;
				CLANG_WARN_BLOCK_CAPTURE_AUTORELEASING = YES;
				CLANG_WARN_BOOL_CONVERSION = YES;
				CLANG_WARN_COMMA = YES;
				CLANG_WARN_CONSTANT_CONVERSION = YES;
				CLANG_WARN_DEPRECATED_OBJC_IMPLEMENTATIONS = YES;
				CLANG_WARN_DIRECT_OBJC_ISA_USAGE = YES_ERROR;
				CLANG_WARN_DOCUMENTATION_COMMENTS = YES;
				CLANG_WARN_EMPTY_BODY = YES;
				CLANG_WARN_ENUM_CONVERSION = YES;
				CLANG_WARN_INFINITE_RECURSION = YES;
				CLANG_WARN_INT_CONVERSION = YES;
				CLANG_WARN_NON_LITERAL_NULL_CONVERSION = YES;
				CLANG_WARN_OBJC_IMPLICIT_RETAIN_SELF = YES;
				CLANG_WARN_OBJC_LITERAL_CONVERSION = YES;
				CLANG_WARN_OBJC_ROOT_CLASS = YES_ERROR;
				CLANG_WARN_RANGE_LOOP_ANALYSIS = YES;
				CLANG_WARN_STRICT_PROTOTYPES = YES;
				CLANG_WARN_SUSPICIOUS_MOVE = YES;
				CLANG_WARN_UNGUARDED_AVAILABILITY = YES_AGGRESSIVE;
				CLANG_WARN_UNREACHABLE_CODE = YES;
				CLANG_WARN__DUPLICATE_METHOD_MATCH = YES;
				CODE_SIGN_IDENTITY = "iPhone Developer";
				COPY_PHASE_STRIP = NO;
				DEBUG_INFORMATION_FORMAT = "dwarf-with-dsym";
				ENABLE_NS_ASSERTIONS = NO;
				ENABLE_STRICT_OBJC_MSGSEND = YES;
				GCC_C_LANGUAGE_STANDARD = gnu11;
				GCC_NO_COMMON_BLOCKS = YES;
				GCC_WARN_64_TO_32_BIT_CONVERSION = YES;
				GCC_WARN_ABOUT_RETURN_TYPE = YES_ERROR;
				GCC_WARN_UNDECLARED_SELECTOR = YES;
				GCC_WARN_UNINITIALIZED_AUTOS = YES_AGGRESSIVE;
				GCC_WARN_UNUSED_FUNCTION = YES;
				GCC_WARN_UNUSED_VARIABLE = YES;
				IPHONEOS_DEPLOYMENT_TARGET = 12.2;
				MTL_ENABLE_DEBUG_INFO = NO;
				MTL_FAST_MATH = YES;
				SDKROOT = iphoneos;
				SWIFT_COMPILATION_MODE = wholemodule;
				SWIFT_OPTIMIZATION_LEVEL = "-O";
				VALIDATE_PRODUCT = YES;
			};
			name = Release;
		};
		8E0305F322927A05001FD4C0 /* Debug */ = {
			isa = XCBuildConfiguration;
			buildSettings = {
				ASSETCATALOG_COMPILER_APPICON_NAME = AppIcon;
				CLANG_ENABLE_MODULES = YES;
				CODE_SIGN_STYLE = Automatic;
				DEVELOPMENT_TEAM = KH53J489YG;
				FRAMEWORK_SEARCH_PATHS = (
					"$(inherited)",
					"$(PROJECT_DIR)/kakaoOAuthLoginAPI/Framework",
				);
				INFOPLIST_FILE = kakaoOAuthLoginAPI/Info.plist;
				IPHONEOS_DEPLOYMENT_TARGET = 12.0;
				LD_RUNPATH_SEARCH_PATHS = (
					"$(inherited)",
					"@executable_path/Frameworks",
				);
				LIBRARY_SEARCH_PATHS = (
					"$(inherited)",
					"$(PROJECT_DIR)/kakaoOAuthLoginAPI/Framework/KakaoOpenSDK.framework",
				);
				OTHER_LDFLAGS = "-all_load";
				PRODUCT_BUNDLE_IDENTIFIER = changsik.identifier;
				PRODUCT_NAME = "$(TARGET_NAME)";
				SWIFT_OBJC_BRIDGING_HEADER = "kakaoOAuthLoginAPI/kakaoOAuthLoginAPI-Bridging-Header.h";
				SWIFT_OPTIMIZATION_LEVEL = "-Onone";
				SWIFT_VERSION = 5.0;
				TARGETED_DEVICE_FAMILY = "1,2";
			};
			name = Debug;
		};
		8E0305F422927A05001FD4C0 /* Release */ = {
			isa = XCBuildConfiguration;
			buildSettings = {
				ASSETCATALOG_COMPILER_APPICON_NAME = AppIcon;
				CLANG_ENABLE_MODULES = YES;
				CODE_SIGN_STYLE = Automatic;
				DEVELOPMENT_TEAM = KH53J489YG;
				FRAMEWORK_SEARCH_PATHS = (
					"$(inherited)",
					"$(PROJECT_DIR)/kakaoOAuthLoginAPI/Framework",
				);
				INFOPLIST_FILE = kakaoOAuthLoginAPI/Info.plist;
				IPHONEOS_DEPLOYMENT_TARGET = 12.0;
				LD_RUNPATH_SEARCH_PATHS = (
					"$(inherited)",
					"@executable_path/Frameworks",
				);
				LIBRARY_SEARCH_PATHS = (
					"$(inherited)",
					"$(PROJECT_DIR)/kakaoOAuthLoginAPI/Framework/KakaoOpenSDK.framework",
				);
				OTHER_LDFLAGS = "-all_load";
				PRODUCT_BUNDLE_IDENTIFIER = changsik.identifier;
				PRODUCT_NAME = "$(TARGET_NAME)";
				SWIFT_OBJC_BRIDGING_HEADER = "kakaoOAuthLoginAPI/kakaoOAuthLoginAPI-Bridging-Header.h";
				SWIFT_VERSION = 5.0;
				TARGETED_DEVICE_FAMILY = "1,2";
			};
			name = Release;
		};
/* End XCBuildConfiguration section */

/* Begin XCConfigurationList section */
		8E0305DB22927A03001FD4C0 /* Build configuration list for PBXProject "kakaoOAuthLoginAPI" */ = {
			isa = XCConfigurationList;
			buildConfigurations = (
				8E0305F022927A05001FD4C0 /* Debug */,
				8E0305F122927A05001FD4C0 /* Release */,
			);
			defaultConfigurationIsVisible = 0;
			defaultConfigurationName = Release;
		};
		8E0305F222927A05001FD4C0 /* Build configuration list for PBXNativeTarget "kakaoOAuthLoginAPI" */ = {
			isa = XCConfigurationList;
			buildConfigurations = (
				8E0305F322927A05001FD4C0 /* Debug */,
				8E0305F422927A05001FD4C0 /* Release */,
			);
			defaultConfigurationIsVisible = 0;
			defaultConfigurationName = Release;
		};
/* End XCConfigurationList section */
	};
	rootObject = 8E0305D822927A03001FD4C0 /* Project object */;
}
