// !$*UTF8*$!
{
	archiveVersion = 1;
	classes = {
	};
	objectVersion = 50;
	objects = {

/* Begin PBXBuildFile section */
		5213DB1122AD4963007A7E54 /* AppDelegate.swift in Sources */ = {isa = PBXBuildFile; fileRef = 5213DB1022AD4963007A7E54 /* AppDelegate.swift */; };
		5213DB1622AD4963007A7E54 /* Main.storyboard in Resources */ = {isa = PBXBuildFile; fileRef = 5213DB1422AD4963007A7E54 /* Main.storyboard */; };
		5213DB1822AD4963007A7E54 /* Assets.xcassets in Resources */ = {isa = PBXBuildFile; fileRef = 5213DB1722AD4963007A7E54 /* Assets.xcassets */; };
		5213DB1B22AD4963007A7E54 /* LaunchScreen.storyboard in Resources */ = {isa = PBXBuildFile; fileRef = 5213DB1922AD4963007A7E54 /* LaunchScreen.storyboard */; };
		521C400622AF4559009504B1 /* ViewController.swift in Sources */ = {isa = PBXBuildFile; fileRef = 521C400522AF4559009504B1 /* ViewController.swift */; };
		8E20FF3A22AF56B800AD02FE /* Logger.swift in Sources */ = {isa = PBXBuildFile; fileRef = 8E20FF3822AF56B800AD02FE /* Logger.swift */; };
		8E20FF3B22AF56B800AD02FE /* UIViewExtension.swift in Sources */ = {isa = PBXBuildFile; fileRef = 8E20FF3922AF56B800AD02FE /* UIViewExtension.swift */; };
		8E20FF3E22AF878F00AD02FE /* JSONData.swift in Sources */ = {isa = PBXBuildFile; fileRef = 8E20FF3D22AF878F00AD02FE /* JSONData.swift */; };
		8E20FF4222AF949A00AD02FE /* TableViewCell.swift in Sources */ = {isa = PBXBuildFile; fileRef = 8E20FF4022AF949A00AD02FE /* TableViewCell.swift */; };
		8E20FF4322AF949A00AD02FE /* TableViewCell.xib in Resources */ = {isa = PBXBuildFile; fileRef = 8E20FF4122AF949A00AD02FE /* TableViewCell.xib */; };
		8E20FF4522AFD56000AD02FE /* Weather.swift in Sources */ = {isa = PBXBuildFile; fileRef = 8E20FF4422AFD56000AD02FE /* Weather.swift */; };
		8E20FF4822B1FC5C00AD02FE /* Extension.swift in Sources */ = {isa = PBXBuildFile; fileRef = 8E20FF4722B1FC5C00AD02FE /* Extension.swift */; };
/* End PBXBuildFile section */

/* Begin PBXFileReference section */
		5213DB0D22AD4963007A7E54 /* WeatherForecast.app */ = {isa = PBXFileReference; explicitFileType = wrapper.application; includeInIndex = 0; path = WeatherForecast.app; sourceTree = BUILT_PRODUCTS_DIR; };
		5213DB1022AD4963007A7E54 /* AppDelegate.swift */ = {isa = PBXFileReference; lastKnownFileType = sourcecode.swift; path = AppDelegate.swift; sourceTree = "<group>"; };
		5213DB1522AD4963007A7E54 /* Base */ = {isa = PBXFileReference; lastKnownFileType = file.storyboard; name = Base; path = Base.lproj/Main.storyboard; sourceTree = "<group>"; };
		5213DB1722AD4963007A7E54 /* Assets.xcassets */ = {isa = PBXFileReference; lastKnownFileType = folder.assetcatalog; path = Assets.xcassets; sourceTree = "<group>"; };
		5213DB1A22AD4963007A7E54 /* Base */ = {isa = PBXFileReference; lastKnownFileType = file.storyboard; name = Base; path = Base.lproj/LaunchScreen.storyboard; sourceTree = "<group>"; };
		5213DB1C22AD4963007A7E54 /* Info.plist */ = {isa = PBXFileReference; lastKnownFileType = text.plist.xml; path = Info.plist; sourceTree = "<group>"; };
		521C400522AF4559009504B1 /* ViewController.swift */ = {isa = PBXFileReference; lastKnownFileType = sourcecode.swift; path = ViewController.swift; sourceTree = "<group>"; };
		8E20FF3822AF56B800AD02FE /* Logger.swift */ = {isa = PBXFileReference; fileEncoding = 4; lastKnownFileType = sourcecode.swift; path = Logger.swift; sourceTree = "<group>"; };
		8E20FF3922AF56B800AD02FE /* UIViewExtension.swift */ = {isa = PBXFileReference; fileEncoding = 4; lastKnownFileType = sourcecode.swift; path = UIViewExtension.swift; sourceTree = "<group>"; };
		8E20FF3D22AF878F00AD02FE /* JSONData.swift */ = {isa = PBXFileReference; lastKnownFileType = sourcecode.swift; path = JSONData.swift; sourceTree = "<group>"; };
		8E20FF4022AF949A00AD02FE /* TableViewCell.swift */ = {isa = PBXFileReference; lastKnownFileType = sourcecode.swift; path = TableViewCell.swift; sourceTree = "<group>"; };
		8E20FF4122AF949A00AD02FE /* TableViewCell.xib */ = {isa = PBXFileReference; lastKnownFileType = file.xib; path = TableViewCell.xib; sourceTree = "<group>"; };
		8E20FF4422AFD56000AD02FE /* Weather.swift */ = {isa = PBXFileReference; lastKnownFileType = sourcecode.swift; path = Weather.swift; sourceTree = "<group>"; };
		8E20FF4722B1FC5C00AD02FE /* Extension.swift */ = {isa = PBXFileReference; lastKnownFileType = sourcecode.swift; path = Extension.swift; sourceTree = "<group>"; };
/* End PBXFileReference section */

/* Begin PBXFrameworksBuildPhase section */
		5213DB0A22AD4963007A7E54 /* Frameworks */ = {
			isa = PBXFrameworksBuildPhase;
			buildActionMask = 2147483647;
			files = (
			);
			runOnlyForDeploymentPostprocessing = 0;
		};
/* End PBXFrameworksBuildPhase section */

/* Begin PBXGroup section */
		5213DB0422AD4963007A7E54 = {
			isa = PBXGroup;
			children = (
				5213DB0F22AD4963007A7E54 /* WeatherForecast */,
				5213DB0E22AD4963007A7E54 /* Products */,
			);
			sourceTree = "<group>";
		};
		5213DB0E22AD4963007A7E54 /* Products */ = {
			isa = PBXGroup;
			children = (
				5213DB0D22AD4963007A7E54 /* WeatherForecast.app */,
			);
			name = Products;
			sourceTree = "<group>";
		};
		5213DB0F22AD4963007A7E54 /* WeatherForecast */ = {
			isa = PBXGroup;
			children = (
				8E20FF4622AFD5C100AD02FE /* Weather */,
				521C400522AF4559009504B1 /* ViewController.swift */,
				8E20FF4022AF949A00AD02FE /* TableViewCell.swift */,
				8E20FF4122AF949A00AD02FE /* TableViewCell.xib */,
				8E20FF3F22AF8A0100AD02FE /* Other */,
				8E20FF3C22AF56BA00AD02FE /* Helper */,
				5213DB1C22AD4963007A7E54 /* Info.plist */,
				5213DB1722AD4963007A7E54 /* Assets.xcassets */,
			);
			path = WeatherForecast;
			sourceTree = "<group>";
		};
		8E20FF3C22AF56BA00AD02FE /* Helper */ = {
			isa = PBXGroup;
			children = (
				8E20FF3822AF56B800AD02FE /* Logger.swift */,
				8E20FF3922AF56B800AD02FE /* UIViewExtension.swift */,
				8E20FF4722B1FC5C00AD02FE /* Extension.swift */,
			);
			path = Helper;
			sourceTree = "<group>";
		};
		8E20FF3F22AF8A0100AD02FE /* Other */ = {
			isa = PBXGroup;
			children = (
				5213DB1022AD4963007A7E54 /* AppDelegate.swift */,
				5213DB1422AD4963007A7E54 /* Main.storyboard */,
				5213DB1922AD4963007A7E54 /* LaunchScreen.storyboard */,
			);
			path = Other;
			sourceTree = "<group>";
		};
		8E20FF4622AFD5C100AD02FE /* Weather */ = {
			isa = PBXGroup;
			children = (
				8E20FF3D22AF878F00AD02FE /* JSONData.swift */,
				8E20FF4422AFD56000AD02FE /* Weather.swift */,
			);
			path = Weather;
			sourceTree = "<group>";
		};
/* End PBXGroup section */

/* Begin PBXNativeTarget section */
		5213DB0C22AD4963007A7E54 /* WeatherForecast */ = {
			isa = PBXNativeTarget;
			buildConfigurationList = 5213DB1F22AD4963007A7E54 /* Build configuration list for PBXNativeTarget "WeatherForecast" */;
			buildPhases = (
				5213DB0922AD4963007A7E54 /* Sources */,
				5213DB0A22AD4963007A7E54 /* Frameworks */,
				5213DB0B22AD4963007A7E54 /* Resources */,
			);
			buildRules = (
			);
			dependencies = (
			);
			name = WeatherForecast;
			productName = WeatherForecast;
			productReference = 5213DB0D22AD4963007A7E54 /* WeatherForecast.app */;
			productType = "com.apple.product-type.application";
		};
/* End PBXNativeTarget section */

/* Begin PBXProject section */
		5213DB0522AD4963007A7E54 /* Project object */ = {
			isa = PBXProject;
			attributes = {
				LastSwiftUpdateCheck = 1020;
				LastUpgradeCheck = 1020;
				ORGANIZATIONNAME = giftbot;
				TargetAttributes = {
					5213DB0C22AD4963007A7E54 = {
						CreatedOnToolsVersion = 10.2.1;
					};
				};
			};
			buildConfigurationList = 5213DB0822AD4963007A7E54 /* Build configuration list for PBXProject "WeatherForecast" */;
			compatibilityVersion = "Xcode 9.3";
			developmentRegion = en;
			hasScannedForEncodings = 0;
			knownRegions = (
				en,
				Base,
			);
			mainGroup = 5213DB0422AD4963007A7E54;
			productRefGroup = 5213DB0E22AD4963007A7E54 /* Products */;
			projectDirPath = "";
			projectRoot = "";
			targets = (
				5213DB0C22AD4963007A7E54 /* WeatherForecast */,
			);
		};
/* End PBXProject section */

/* Begin PBXResourcesBuildPhase section */
		5213DB0B22AD4963007A7E54 /* Resources */ = {
			isa = PBXResourcesBuildPhase;
			buildActionMask = 2147483647;
			files = (
				5213DB1B22AD4963007A7E54 /* LaunchScreen.storyboard in Resources */,
				8E20FF4322AF949A00AD02FE /* TableViewCell.xib in Resources */,
				5213DB1822AD4963007A7E54 /* Assets.xcassets in Resources */,
				5213DB1622AD4963007A7E54 /* Main.storyboard in Resources */,
			);
			runOnlyForDeploymentPostprocessing = 0;
		};
/* End PBXResourcesBuildPhase section */

/* Begin PBXSourcesBuildPhase section */
		5213DB0922AD4963007A7E54 /* Sources */ = {
			isa = PBXSourcesBuildPhase;
			buildActionMask = 2147483647;
			files = (
				8E20FF3E22AF878F00AD02FE /* JSONData.swift in Sources */,
				521C400622AF4559009504B1 /* ViewController.swift in Sources */,
				8E20FF3A22AF56B800AD02FE /* Logger.swift in Sources */,
				8E20FF4222AF949A00AD02FE /* TableViewCell.swift in Sources */,
				8E20FF3B22AF56B800AD02FE /* UIViewExtension.swift in Sources */,
				5213DB1122AD4963007A7E54 /* AppDelegate.swift in Sources */,
				8E20FF4522AFD56000AD02FE /* Weather.swift in Sources */,
				8E20FF4822B1FC5C00AD02FE /* Extension.swift in Sources */,
			);
			runOnlyForDeploymentPostprocessing = 0;
		};
/* End PBXSourcesBuildPhase section */

/* Begin PBXVariantGroup section */
		5213DB1422AD4963007A7E54 /* Main.storyboard */ = {
			isa = PBXVariantGroup;
			children = (
				5213DB1522AD4963007A7E54 /* Base */,
			);
			name = Main.storyboard;
			sourceTree = "<group>";
		};
		5213DB1922AD4963007A7E54 /* LaunchScreen.storyboard */ = {
			isa = PBXVariantGroup;
			children = (
				5213DB1A22AD4963007A7E54 /* Base */,
			);
			name = LaunchScreen.storyboard;
			sourceTree = "<group>";
		};
/* End PBXVariantGroup section */

/* Begin XCBuildConfiguration section */
		5213DB1D22AD4963007A7E54 /* Debug */ = {
			isa = XCBuildConfiguration;
			buildSettings = {
				ALWAYS_SEARCH_USER_PATHS = NO;
				CLANG_ANALYZER_NONNULL = YES;
				CLANG_ANALYZER_NUMBER_OBJECT_CONVERSION = YES_AGGRESSIVE;
				CLANG_CXX_LANGUAGE_STANDARD = "gnu++14";
				CLANG_CXX_LIBRARY = "libc++";
				CLANG_ENABLE_MODULES = YES;
				CLANG_ENABLE_OBJC_ARC = YES;
				CLANG_ENABLE_OBJC_WEAK = YES;
				CLANG_WARN_BLOCK_CAPTURE_AUTORELEASING = YES;
				CLANG_WARN_BOOL_CONVERSION = YES;
				CLANG_WARN_COMMA = YES;
				CLANG_WARN_CONSTANT_CONVERSION = YES;
				CLANG_WARN_DEPRECATED_OBJC_IMPLEMENTATIONS = YES;
				CLANG_WARN_DIRECT_OBJC_ISA_USAGE = YES_ERROR;
				CLANG_WARN_DOCUMENTATION_COMMENTS = YES;
				CLANG_WARN_EMPTY_BODY = YES;
				CLANG_WARN_ENUM_CONVERSION = YES;
				CLANG_WARN_INFINITE_RECURSION = YES;
				CLANG_WARN_INT_CONVERSION = YES;
				CLANG_WARN_NON_LITERAL_NULL_CONVERSION = YES;
				CLANG_WARN_OBJC_IMPLICIT_RETAIN_SELF = YES;
				CLANG_WARN_OBJC_LITERAL_CONVERSION = YES;
				CLANG_WARN_OBJC_ROOT_CLASS = YES_ERROR;
				CLANG_WARN_RANGE_LOOP_ANALYSIS = YES;
				CLANG_WARN_STRICT_PROTOTYPES = YES;
				CLANG_WARN_SUSPICIOUS_MOVE = YES;
				CLANG_WARN_UNGUARDED_AVAILABILITY = YES_AGGRESSIVE;
				CLANG_WARN_UNREACHABLE_CODE = YES;
				CLANG_WARN__DUPLICATE_METHOD_MATCH = YES;
				CODE_SIGN_IDENTITY = "iPhone Developer";
				COPY_PHASE_STRIP = NO;
				DEBUG_INFORMATION_FORMAT = dwarf;
				ENABLE_STRICT_OBJC_MSGSEND = YES;
				ENABLE_TESTABILITY = YES;
				GCC_C_LANGUAGE_STANDARD = gnu11;
				GCC_DYNAMIC_NO_PIC = NO;
				GCC_NO_COMMON_BLOCKS = YES;
				GCC_OPTIMIZATION_LEVEL = 0;
				GCC_PREPROCESSOR_DEFINITIONS = (
					"DEBUG=1",
					"$(inherited)",
				);
				GCC_WARN_64_TO_32_BIT_CONVERSION = YES;
				GCC_WARN_ABOUT_RETURN_TYPE = YES_ERROR;
				GCC_WARN_UNDECLARED_SELECTOR = YES;
				GCC_WARN_UNINITIALIZED_AUTOS = YES_AGGRESSIVE;
				GCC_WARN_UNUSED_FUNCTION = YES;
				GCC_WARN_UNUSED_VARIABLE = YES;
				IPHONEOS_DEPLOYMENT_TARGET = 12.2;
				MTL_ENABLE_DEBUG_INFO = INCLUDE_SOURCE;
				MTL_FAST_MATH = YES;
				ONLY_ACTIVE_ARCH = YES;
				SDKROOT = iphoneos;
				SWIFT_ACTIVE_COMPILATION_CONDITIONS = DEBUG;
				SWIFT_OPTIMIZATION_LEVEL = "-Onone";
			};
			name = Debug;
		};
		5213DB1E22AD4963007A7E54 /* Release */ = {
			isa = XCBuildConfiguration;
			buildSettings = {
				ALWAYS_SEARCH_USER_PATHS = NO;
				CLANG_ANALYZER_NONNULL = YES;
				CLANG_ANALYZER_NUMBER_OBJECT_CONVERSION = YES_AGGRESSIVE;
				CLANG_CXX_LANGUAGE_STANDARD = "gnu++14";
				CLANG_CXX_LIBRARY = "libc++";
				CLANG_ENABLE_MODULES = YES;
				CLANG_ENABLE_OBJC_ARC = YES;
				CLANG_ENABLE_OBJC_WEAK = YES;
				CLANG_WARN_BLOCK_CAPTURE_AUTORELEASING = YES;
				CLANG_WARN_BOOL_CONVERSION = YES;
				CLANG_WARN_COMMA = YES;
				CLANG_WARN_CONSTANT_CONVERSION = YES;
				CLANG_WARN_DEPRECATED_OBJC_IMPLEMENTATIONS = YES;
				CLANG_WARN_DIRECT_OBJC_ISA_USAGE = YES_ERROR;
				CLANG_WARN_DOCUMENTATION_COMMENTS = YES;
				CLANG_WARN_EMPTY_BODY = YES;
				CLANG_WARN_ENUM_CONVERSION = YES;
				CLANG_WARN_INFINITE_RECURSION = YES;
				CLANG_WARN_INT_CONVERSION = YES;
				CLANG_WARN_NON_LITERAL_NULL_CONVERSION = YES;
				CLANG_WARN_OBJC_IMPLICIT_RETAIN_SELF = YES;
				CLANG_WARN_OBJC_LITERAL_CONVERSION = YES;
				CLANG_WARN_OBJC_ROOT_CLASS = YES_ERROR;
				CLANG_WARN_RANGE_LOOP_ANALYSIS = YES;
				CLANG_WARN_STRICT_PROTOTYPES = YES;
				CLANG_WARN_SUSPICIOUS_MOVE = YES;
				CLANG_WARN_UNGUARDED_AVAILABILITY = YES_AGGRESSIVE;
				CLANG_WARN_UNREACHABLE_CODE = YES;
				CLANG_WARN__DUPLICATE_METHOD_MATCH = YES;
				CODE_SIGN_IDENTITY = "iPhone Developer";
				COPY_PHASE_STRIP = NO;
				DEBUG_INFORMATION_FORMAT = "dwarf-with-dsym";
				ENABLE_NS_ASSERTIONS = NO;
				ENABLE_STRICT_OBJC_MSGSEND = YES;
				GCC_C_LANGUAGE_STANDARD = gnu11;
				GCC_NO_COMMON_BLOCKS = YES;
				GCC_WARN_64_TO_32_BIT_CONVERSION = YES;
				GCC_WARN_ABOUT_RETURN_TYPE = YES_ERROR;
				GCC_WARN_UNDECLARED_SELECTOR = YES;
				GCC_WARN_UNINITIALIZED_AUTOS = YES_AGGRESSIVE;
				GCC_WARN_UNUSED_FUNCTION = YES;
				GCC_WARN_UNUSED_VARIABLE = YES;
				IPHONEOS_DEPLOYMENT_TARGET = 12.2;
				MTL_ENABLE_DEBUG_INFO = NO;
				MTL_FAST_MATH = YES;
				SDKROOT = iphoneos;
				SWIFT_COMPILATION_MODE = wholemodule;
				SWIFT_OPTIMIZATION_LEVEL = "-O";
				VALIDATE_PRODUCT = YES;
			};
			name = Release;
		};
		5213DB2022AD4963007A7E54 /* Debug */ = {
			isa = XCBuildConfiguration;
			buildSettings = {
				ASSETCATALOG_COMPILER_APPICON_NAME = AppIcon;
				CODE_SIGN_STYLE = Automatic;
				DEVELOPMENT_TEAM = G4MM77V7NH;
				INFOPLIST_FILE = "$(SRCROOT)/WeatherForecast/Info.plist";
				LD_RUNPATH_SEARCH_PATHS = (
					"$(inherited)",
					"@executable_path/Frameworks",
				);
				PRODUCT_BUNDLE_IDENTIFIER = kr.giftbot.example.WeatherForecast;
				PRODUCT_NAME = "$(TARGET_NAME)";
				SWIFT_VERSION = 5.0;
				TARGETED_DEVICE_FAMILY = "1,2";
			};
			name = Debug;
		};
		5213DB2122AD4963007A7E54 /* Release */ = {
			isa = XCBuildConfiguration;
			buildSettings = {
				ASSETCATALOG_COMPILER_APPICON_NAME = AppIcon;
				CODE_SIGN_STYLE = Automatic;
				DEVELOPMENT_TEAM = G4MM77V7NH;
				INFOPLIST_FILE = "$(SRCROOT)/WeatherForecast/Info.plist";
				LD_RUNPATH_SEARCH_PATHS = (
					"$(inherited)",
					"@executable_path/Frameworks",
				);
				PRODUCT_BUNDLE_IDENTIFIER = kr.giftbot.example.WeatherForecast;
				PRODUCT_NAME = "$(TARGET_NAME)";
				SWIFT_VERSION = 5.0;
				TARGETED_DEVICE_FAMILY = "1,2";
			};
			name = Release;
		};
/* End XCBuildConfiguration section */

/* Begin XCConfigurationList section */
		5213DB0822AD4963007A7E54 /* Build configuration list for PBXProject "WeatherForecast" */ = {
			isa = XCConfigurationList;
			buildConfigurations = (
				5213DB1D22AD4963007A7E54 /* Debug */,
				5213DB1E22AD4963007A7E54 /* Release */,
			);
			defaultConfigurationIsVisible = 0;
			defaultConfigurationName = Release;
		};
		5213DB1F22AD4963007A7E54 /* Build configuration list for PBXNativeTarget "WeatherForecast" */ = {
			isa = XCConfigurationList;
			buildConfigurations = (
				5213DB2022AD4963007A7E54 /* Debug */,
				5213DB2122AD4963007A7E54 /* Release */,
			);
			defaultConfigurationIsVisible = 0;
			defaultConfigurationName = Release;
		};
/* End XCConfigurationList section */
	};
	rootObject = 5213DB0522AD4963007A7E54 /* Project object */;
}
