// !$*UTF8*$!
{
	archiveVersion = 1;
	classes = {
	};
	objectVersion = 48;
	objects = {

/* Begin PBXBuildFile section */
		521732E720281EB800B79DA2 /* AppDelegate.swift in Sources */ = {isa = PBXBuildFile; fileRef = 521732E620281EB800B79DA2 /* AppDelegate.swift */; };
		521732E920281EB800B79DA2 /* ViewController.swift in Sources */ = {isa = PBXBuildFile; fileRef = 521732E820281EB800B79DA2 /* ViewController.swift */; };
		521732EC20281EB800B79DA2 /* Main.storyboard in Resources */ = {isa = PBXBuildFile; fileRef = 521732EA20281EB800B79DA2 /* Main.storyboard */; };
		521732EE20281EB800B79DA2 /* Assets.xcassets in Resources */ = {isa = PBXBuildFile; fileRef = 521732ED20281EB800B79DA2 /* Assets.xcassets */; };
		521732F120281EB800B79DA2 /* LaunchScreen.storyboard in Resources */ = {isa = PBXBuildFile; fileRef = 521732EF20281EB800B79DA2 /* LaunchScreen.storyboard */; };
		521732F920281F0500B79DA2 /* UIDeviceExtension.swift in Sources */ = {isa = PBXBuildFile; fileRef = 521732F820281F0500B79DA2 /* UIDeviceExtension.swift */; };
		521732FB20281F5D00B79DA2 /* iOSDeviceMapping.plist in Resources */ = {isa = PBXBuildFile; fileRef = 521732FA20281F3400B79DA2 /* iOSDeviceMapping.plist */; };
		524C0B2A227DBC220036EDF5 /* CustomStringConvertibleAdoption.swift in Sources */ = {isa = PBXBuildFile; fileRef = 524C0B29227DBC220036EDF5 /* CustomStringConvertibleAdoption.swift */; };
/* End PBXBuildFile section */

/* Begin PBXFileReference section */
		521732E320281EB800B79DA2 /* UIDeviceExample.app */ = {isa = PBXFileReference; explicitFileType = wrapper.application; includeInIndex = 0; path = UIDeviceExample.app; sourceTree = BUILT_PRODUCTS_DIR; };
		521732E620281EB800B79DA2 /* AppDelegate.swift */ = {isa = PBXFileReference; lastKnownFileType = sourcecode.swift; path = AppDelegate.swift; sourceTree = "<group>"; };
		521732E820281EB800B79DA2 /* ViewController.swift */ = {isa = PBXFileReference; lastKnownFileType = sourcecode.swift; path = ViewController.swift; sourceTree = "<group>"; };
		521732EB20281EB800B79DA2 /* Base */ = {isa = PBXFileReference; lastKnownFileType = file.storyboard; name = Base; path = Base.lproj/Main.storyboard; sourceTree = "<group>"; };
		521732ED20281EB800B79DA2 /* Assets.xcassets */ = {isa = PBXFileReference; lastKnownFileType = folder.assetcatalog; path = Assets.xcassets; sourceTree = "<group>"; };
		521732F020281EB800B79DA2 /* Base */ = {isa = PBXFileReference; lastKnownFileType = file.storyboard; name = Base; path = Base.lproj/LaunchScreen.storyboard; sourceTree = "<group>"; };
		521732F220281EB800B79DA2 /* Info.plist */ = {isa = PBXFileReference; lastKnownFileType = text.plist.xml; path = Info.plist; sourceTree = "<group>"; };
		521732F820281F0500B79DA2 /* UIDeviceExtension.swift */ = {isa = PBXFileReference; lastKnownFileType = sourcecode.swift; path = UIDeviceExtension.swift; sourceTree = "<group>"; };
		521732FA20281F3400B79DA2 /* iOSDeviceMapping.plist */ = {isa = PBXFileReference; lastKnownFileType = text.plist.xml; path = iOSDeviceMapping.plist; sourceTree = "<group>"; };
		524C0B29227DBC220036EDF5 /* CustomStringConvertibleAdoption.swift */ = {isa = PBXFileReference; lastKnownFileType = sourcecode.swift; path = CustomStringConvertibleAdoption.swift; sourceTree = "<group>"; };
/* End PBXFileReference section */

/* Begin PBXFrameworksBuildPhase section */
		521732E020281EB800B79DA2 /* Frameworks */ = {
			isa = PBXFrameworksBuildPhase;
			buildActionMask = 2147483647;
			files = (
			);
			runOnlyForDeploymentPostprocessing = 0;
		};
/* End PBXFrameworksBuildPhase section */

/* Begin PBXGroup section */
		521732DA20281EB800B79DA2 = {
			isa = PBXGroup;
			children = (
				521732E520281EB800B79DA2 /* UIDeviceExample */,
				521732E420281EB800B79DA2 /* Products */,
			);
			sourceTree = "<group>";
		};
		521732E420281EB800B79DA2 /* Products */ = {
			isa = PBXGroup;
			children = (
				521732E320281EB800B79DA2 /* UIDeviceExample.app */,
			);
			name = Products;
			sourceTree = "<group>";
		};
		521732E520281EB800B79DA2 /* UIDeviceExample */ = {
			isa = PBXGroup;
			children = (
				521732E620281EB800B79DA2 /* AppDelegate.swift */,
				521732E820281EB800B79DA2 /* ViewController.swift */,
				521732F820281F0500B79DA2 /* UIDeviceExtension.swift */,
				524C0B29227DBC220036EDF5 /* CustomStringConvertibleAdoption.swift */,
				521732FA20281F3400B79DA2 /* iOSDeviceMapping.plist */,
				521732EA20281EB800B79DA2 /* Main.storyboard */,
				521732ED20281EB800B79DA2 /* Assets.xcassets */,
				521732EF20281EB800B79DA2 /* LaunchScreen.storyboard */,
				521732F220281EB800B79DA2 /* Info.plist */,
			);
			path = UIDeviceExample;
			sourceTree = "<group>";
		};
/* End PBXGroup section */

/* Begin PBXNativeTarget section */
		521732E220281EB800B79DA2 /* UIDeviceExample */ = {
			isa = PBXNativeTarget;
			buildConfigurationList = 521732F520281EB800B79DA2 /* Build configuration list for PBXNativeTarget "UIDeviceExample" */;
			buildPhases = (
				521732DF20281EB800B79DA2 /* Sources */,
				521732E020281EB800B79DA2 /* Frameworks */,
				521732E120281EB800B79DA2 /* Resources */,
			);
			buildRules = (
			);
			dependencies = (
			);
			name = UIDeviceExample;
			productName = UIDeviceExample;
			productReference = 521732E320281EB800B79DA2 /* UIDeviceExample.app */;
			productType = "com.apple.product-type.application";
		};
/* End PBXNativeTarget section */

/* Begin PBXProject section */
		521732DB20281EB800B79DA2 /* Project object */ = {
			isa = PBXProject;
			attributes = {
				LastSwiftUpdateCheck = 0920;
				LastUpgradeCheck = 0940;
				ORGANIZATIONNAME = giftbot;
				TargetAttributes = {
					521732E220281EB800B79DA2 = {
						CreatedOnToolsVersion = 9.2;
						ProvisioningStyle = Automatic;
					};
				};
			};
			buildConfigurationList = 521732DE20281EB800B79DA2 /* Build configuration list for PBXProject "UIDeviceExample" */;
			compatibilityVersion = "Xcode 8.0";
			developmentRegion = en;
			hasScannedForEncodings = 0;
			knownRegions = (
				en,
				Base,
			);
			mainGroup = 521732DA20281EB800B79DA2;
			productRefGroup = 521732E420281EB800B79DA2 /* Products */;
			projectDirPath = "";
			projectRoot = "";
			targets = (
				521732E220281EB800B79DA2 /* UIDeviceExample */,
			);
		};
/* End PBXProject section */

/* Begin PBXResourcesBuildPhase section */
		521732E120281EB800B79DA2 /* Resources */ = {
			isa = PBXResourcesBuildPhase;
			buildActionMask = 2147483647;
			files = (
				521732FB20281F5D00B79DA2 /* iOSDeviceMapping.plist in Resources */,
				521732F120281EB800B79DA2 /* LaunchScreen.storyboard in Resources */,
				521732EE20281EB800B79DA2 /* Assets.xcassets in Resources */,
				521732EC20281EB800B79DA2 /* Main.storyboard in Resources */,
			);
			runOnlyForDeploymentPostprocessing = 0;
		};
/* End PBXResourcesBuildPhase section */

/* Begin PBXSourcesBuildPhase section */
		521732DF20281EB800B79DA2 /* Sources */ = {
			isa = PBXSourcesBuildPhase;
			buildActionMask = 2147483647;
			files = (
				521732F920281F0500B79DA2 /* UIDeviceExtension.swift in Sources */,
				524C0B2A227DBC220036EDF5 /* CustomStringConvertibleAdoption.swift in Sources */,
				521732E920281EB800B79DA2 /* ViewController.swift in Sources */,
				521732E720281EB800B79DA2 /* AppDelegate.swift in Sources */,
			);
			runOnlyForDeploymentPostprocessing = 0;
		};
/* End PBXSourcesBuildPhase section */

/* Begin PBXVariantGroup section */
		521732EA20281EB800B79DA2 /* Main.storyboard */ = {
			isa = PBXVariantGroup;
			children = (
				521732EB20281EB800B79DA2 /* Base */,
			);
			name = Main.storyboard;
			sourceTree = "<group>";
		};
		521732EF20281EB800B79DA2 /* LaunchScreen.storyboard */ = {
			isa = PBXVariantGroup;
			children = (
				521732F020281EB800B79DA2 /* Base */,
			);
			name = LaunchScreen.storyboard;
			sourceTree = "<group>";
		};
/* End PBXVariantGroup section */

/* Begin XCBuildConfiguration section */
		521732F320281EB800B79DA2 /* Debug */ = {
			isa = XCBuildConfiguration;
			buildSettings = {
				ALWAYS_SEARCH_USER_PATHS = NO;
				CLANG_ANALYZER_NONNULL = YES;
				CLANG_ANALYZER_NUMBER_OBJECT_CONVERSION = YES_AGGRESSIVE;
				CLANG_CXX_LANGUAGE_STANDARD = "gnu++14";
				CLANG_CXX_LIBRARY = "libc++";
				CLANG_ENABLE_MODULES = YES;
				CLANG_ENABLE_OBJC_ARC = YES;
				CLANG_WARN_BLOCK_CAPTURE_AUTORELEASING = YES;
				CLANG_WARN_BOOL_CONVERSION = YES;
				CLANG_WARN_COMMA = YES;
				CLANG_WARN_CONSTANT_CONVERSION = YES;
				CLANG_WARN_DEPRECATED_OBJC_IMPLEMENTATIONS = YES;
				CLANG_WARN_DIRECT_OBJC_ISA_USAGE = YES_ERROR;
				CLANG_WARN_DOCUMENTATION_COMMENTS = YES;
				CLANG_WARN_EMPTY_BODY = YES;
				CLANG_WARN_ENUM_CONVERSION = YES;
				CLANG_WARN_INFINITE_RECURSION = YES;
				CLANG_WARN_INT_CONVERSION = YES;
				CLANG_WARN_NON_LITERAL_NULL_CONVERSION = YES;
				CLANG_WARN_OBJC_IMPLICIT_RETAIN_SELF = YES;
				CLANG_WARN_OBJC_LITERAL_CONVERSION = YES;
				CLANG_WARN_OBJC_ROOT_CLASS = YES_ERROR;
				CLANG_WARN_RANGE_LOOP_ANALYSIS = YES;
				CLANG_WARN_STRICT_PROTOTYPES = YES;
				CLANG_WARN_SUSPICIOUS_MOVE = YES;
				CLANG_WARN_UNGUARDED_AVAILABILITY = YES_AGGRESSIVE;
				CLANG_WARN_UNREACHABLE_CODE = YES;
				CLANG_WARN__DUPLICATE_METHOD_MATCH = YES;
				CODE_SIGN_IDENTITY = "iPhone Developer";
				COPY_PHASE_STRIP = NO;
				DEBUG_INFORMATION_FORMAT = dwarf;
				ENABLE_STRICT_OBJC_MSGSEND = YES;
				ENABLE_TESTABILITY = YES;
				GCC_C_LANGUAGE_STANDARD = gnu11;
				GCC_DYNAMIC_NO_PIC = NO;
				GCC_NO_COMMON_BLOCKS = YES;
				GCC_OPTIMIZATION_LEVEL = 0;
				GCC_PREPROCESSOR_DEFINITIONS = (
					"DEBUG=1",
					"$(inherited)",
				);
				GCC_WARN_64_TO_32_BIT_CONVERSION = YES;
				GCC_WARN_ABOUT_RETURN_TYPE = YES_ERROR;
				GCC_WARN_UNDECLARED_SELECTOR = YES;
				GCC_WARN_UNINITIALIZED_AUTOS = YES_AGGRESSIVE;
				GCC_WARN_UNUSED_FUNCTION = YES;
				GCC_WARN_UNUSED_VARIABLE = YES;
				IPHONEOS_DEPLOYMENT_TARGET = 10.2;
				MTL_ENABLE_DEBUG_INFO = YES;
				ONLY_ACTIVE_ARCH = YES;
				SDKROOT = iphoneos;
				SWIFT_ACTIVE_COMPILATION_CONDITIONS = DEBUG;
				SWIFT_OPTIMIZATION_LEVEL = "-Onone";
			};
			name = Debug;
		};
		521732F420281EB800B79DA2 /* Release */ = {
			isa = XCBuildConfiguration;
			buildSettings = {
				ALWAYS_SEARCH_USER_PATHS = NO;
				CLANG_ANALYZER_NONNULL = YES;
				CLANG_ANALYZER_NUMBER_OBJECT_CONVERSION = YES_AGGRESSIVE;
				CLANG_CXX_LANGUAGE_STANDARD = "gnu++14";
				CLANG_CXX_LIBRARY = "libc++";
				CLANG_ENABLE_MODULES = YES;
				CLANG_ENABLE_OBJC_ARC = YES;
				CLANG_WARN_BLOCK_CAPTURE_AUTORELEASING = YES;
				CLANG_WARN_BOOL_CONVERSION = YES;
				CLANG_WARN_COMMA = YES;
				CLANG_WARN_CONSTANT_CONVERSION = YES;
				CLANG_WARN_DEPRECATED_OBJC_IMPLEMENTATIONS = YES;
				CLANG_WARN_DIRECT_OBJC_ISA_USAGE = YES_ERROR;
				CLANG_WARN_DOCUMENTATION_COMMENTS = YES;
				CLANG_WARN_EMPTY_BODY = YES;
				CLANG_WARN_ENUM_CONVERSION = YES;
				CLANG_WARN_INFINITE_RECURSION = YES;
				CLANG_WARN_INT_CONVERSION = YES;
				CLANG_WARN_NON_LITERAL_NULL_CONVERSION = YES;
				CLANG_WARN_OBJC_IMPLICIT_RETAIN_SELF = YES;
				CLANG_WARN_OBJC_LITERAL_CONVERSION = YES;
				CLANG_WARN_OBJC_ROOT_CLASS = YES_ERROR;
				CLANG_WARN_RANGE_LOOP_ANALYSIS = YES;
				CLANG_WARN_STRICT_PROTOTYPES = YES;
				CLANG_WARN_SUSPICIOUS_MOVE = YES;
				CLANG_WARN_UNGUARDED_AVAILABILITY = YES_AGGRESSIVE;
				CLANG_WARN_UNREACHABLE_CODE = YES;
				CLANG_WARN__DUPLICATE_METHOD_MATCH = YES;
				CODE_SIGN_IDENTITY = "iPhone Developer";
				COPY_PHASE_STRIP = NO;
				DEBUG_INFORMATION_FORMAT = "dwarf-with-dsym";
				ENABLE_NS_ASSERTIONS = NO;
				ENABLE_STRICT_OBJC_MSGSEND = YES;
				GCC_C_LANGUAGE_STANDARD = gnu11;
				GCC_NO_COMMON_BLOCKS = YES;
				GCC_WARN_64_TO_32_BIT_CONVERSION = YES;
				GCC_WARN_ABOUT_RETURN_TYPE = YES_ERROR;
				GCC_WARN_UNDECLARED_SELECTOR = YES;
				GCC_WARN_UNINITIALIZED_AUTOS = YES_AGGRESSIVE;
				GCC_WARN_UNUSED_FUNCTION = YES;
				GCC_WARN_UNUSED_VARIABLE = YES;
				IPHONEOS_DEPLOYMENT_TARGET = 10.2;
				MTL_ENABLE_DEBUG_INFO = NO;
				SDKROOT = iphoneos;
				SWIFT_OPTIMIZATION_LEVEL = "-Owholemodule";
				VALIDATE_PRODUCT = YES;
			};
			name = Release;
		};
		521732F620281EB800B79DA2 /* Debug */ = {
			isa = XCBuildConfiguration;
			buildSettings = {
				ASSETCATALOG_COMPILER_APPICON_NAME = AppIcon;
				CODE_SIGN_STYLE = Automatic;
				DEVELOPMENT_TEAM = KH53J489YG;
				INFOPLIST_FILE = UIDeviceExample/Info.plist;
				IPHONEOS_DEPLOYMENT_TARGET = 11.4;
				LD_RUNPATH_SEARCH_PATHS = "$(inherited) @executable_path/Frameworks";
				PRODUCT_BUNDLE_IDENTIFIER = changsik.identifier;
				PRODUCT_NAME = "$(TARGET_NAME)";
				SWIFT_VERSION = 5.0;
				TARGETED_DEVICE_FAMILY = "1,2";
			};
			name = Debug;
		};
		521732F720281EB800B79DA2 /* Release */ = {
			isa = XCBuildConfiguration;
			buildSettings = {
				ASSETCATALOG_COMPILER_APPICON_NAME = AppIcon;
				CODE_SIGN_STYLE = Automatic;
				DEVELOPMENT_TEAM = KH53J489YG;
				INFOPLIST_FILE = UIDeviceExample/Info.plist;
				IPHONEOS_DEPLOYMENT_TARGET = 11.4;
				LD_RUNPATH_SEARCH_PATHS = "$(inherited) @executable_path/Frameworks";
				PRODUCT_BUNDLE_IDENTIFIER = changsik.identifier;
				PRODUCT_NAME = "$(TARGET_NAME)";
				SWIFT_VERSION = 5.0;
				TARGETED_DEVICE_FAMILY = "1,2";
			};
			name = Release;
		};
/* End XCBuildConfiguration section */

/* Begin XCConfigurationList section */
		521732DE20281EB800B79DA2 /* Build configuration list for PBXProject "UIDeviceExample" */ = {
			isa = XCConfigurationList;
			buildConfigurations = (
				521732F320281EB800B79DA2 /* Debug */,
				521732F420281EB800B79DA2 /* Release */,
			);
			defaultConfigurationIsVisible = 0;
			defaultConfigurationName = Release;
		};
		521732F520281EB800B79DA2 /* Build configuration list for PBXNativeTarget "UIDeviceExample" */ = {
			isa = XCConfigurationList;
			buildConfigurations = (
				521732F620281EB800B79DA2 /* Debug */,
				521732F720281EB800B79DA2 /* Release */,
			);
			defaultConfigurationIsVisible = 0;
			defaultConfigurationName = Release;
		};
/* End XCConfigurationList section */
	};
	rootObject = 521732DB20281EB800B79DA2 /* Project object */;
}
